{
    "_readme": [
        "This file locks the dependencies of your project to a known state",
        "Read more about it at https://getcomposer.org/doc/01-basic-usage.md#composer-lock-the-lock-file",
        "This file is @generated automatically"
    ],
    "hash": "663169a8447c88b4356bc6d04cf7e8b3",
    "packages": [
        {
            "name": "behat/transliterator",
            "version": "v1.0.1",
            "source": {
                "type": "git",
                "url": "https://github.com/Behat/Transliterator.git",
                "reference": "c93521d3462a554332d1ef5bb0e9b5b8ca4106c4"
            },
            "dist": {
                "type": "zip",
                "url": "https://api.github.com/repos/Behat/Transliterator/zipball/c93521d3462a554332d1ef5bb0e9b5b8ca4106c4",
                "reference": "c93521d3462a554332d1ef5bb0e9b5b8ca4106c4",
                "shasum": ""
            },
            "require": {
                "php": ">=5.3.3"
            },
            "type": "library",
            "extra": {
                "branch-alias": {
                    "dev-master": "1.0-dev"
                }
            },
            "autoload": {
                "psr-0": {
                    "Behat\\Transliterator": "src/"
                }
            },
            "notification-url": "https://packagist.org/downloads/",
            "license": [
                "Artistic-1.0"
            ],
            "description": "String transliterator",
            "keywords": [
                "i18n",
                "slug",
                "transliterator"
            ],
            "time": "2014-05-15 22:08:22"
        },
        {
            "name": "crisu83/yii-consoletools",
            "version": "1.0.1",
            "source": {
                "type": "git",
                "url": "https://github.com/Crisu83/yii-consoletools.git",
                "reference": "c4e3ddcea2fafe679f9c78ad8f360257364ba843"
            },
            "dist": {
                "type": "zip",
                "url": "https://api.github.com/repos/Crisu83/yii-consoletools/zipball/c4e3ddcea2fafe679f9c78ad8f360257364ba843",
                "reference": "c4e3ddcea2fafe679f9c78ad8f360257364ba843",
                "shasum": ""
            },
            "type": "library",
            "notification-url": "https://packagist.org/downloads/",
            "license": [
                "BSD-3-Clause"
            ],
            "authors": [
                {
                    "name": "Christoffer Niska",
                    "email": "christoffer.niska@gmail.com",
                    "homepage": "http://www.cniska.net/"
                }
            ],
            "description": "A collection of tools for developing console commands for Yii.",
            "keywords": [
                "console",
                "tools",
                "yii"
            ],
            "time": "2014-02-12 09:45:17"
        },
        {
            "name": "crisu83/yiistrap",
            "version": "1.2.3",
            "source": {
                "type": "git",
                "url": "https://github.com/Crisu83/yiistrap.git",
                "reference": "5ce7e8cf563b8f7e1de08eda7e28a93dd7abd27b"
            },
            "dist": {
                "type": "zip",
                "url": "https://api.github.com/repos/Crisu83/yiistrap/zipball/5ce7e8cf563b8f7e1de08eda7e28a93dd7abd27b",
                "reference": "5ce7e8cf563b8f7e1de08eda7e28a93dd7abd27b",
                "shasum": ""
            },
            "require-dev": {
                "codeception/codeception": "@stable",
                "crisu83/yii-composer": ">=1.0.0",
                "php": ">=5.3.0",
                "yiisoft/yii": ">=1.1.13"
            },
            "type": "library",
            "extra": {
                "yii-install-writable": [
                    "tests/_log"
                ]
            },
            "notification-url": "https://packagist.org/downloads/",
            "license": [
                "BSD-3-Clause"
            ],
            "authors": [
                {
                    "name": "Christoffer Niska",
                    "email": "christoffer.niska@gmail.com",
                    "homepage": "http://www.cniska.net/"
                },
                {
                    "name": "Antonio Ramirez",
                    "email": "ramirez.cobos@gmail.com",
                    "homepage": "http://www.ramirezcobos.com/"
                }
            ],
            "description": "Twitter Bootstrap for the Yii PHP framework.",
            "keywords": [
                "bootstrap",
                "yii"
            ],
            "time": "2014-01-30 00:40:56"
        },
        {
            "name": "eventviva/php-image-resize",
            "version": "dev-master",
            "source": {
                "type": "git",
                "url": "https://github.com/eventviva/php-image-resize.git",
                "reference": "c75bc2cadf29f6c2f97bd0a9329280e9f9361db8"
            },
            "dist": {
                "type": "zip",
                "url": "https://api.github.com/repos/eventviva/php-image-resize/zipball/c75bc2cadf29f6c2f97bd0a9329280e9f9361db8",
                "reference": "c75bc2cadf29f6c2f97bd0a9329280e9f9361db8",
                "shasum": ""
            },
            "require": {
                "ext-gd": "*",
                "php": ">=5.3.0"
            },
            "type": "library",
            "autoload": {
                "classmap": [
                    "src"
                ]
            },
            "notification-url": "https://packagist.org/downloads/",
            "license": [
                "MIT"
            ],
            "authors": [
                {
                    "name": "Aditya Patadia",
                    "homepage": "http://aditya.patadia.org/"
                }
            ],
            "description": "PHP class to re-size and scale images",
            "homepage": "https://github.com/eventviva/php-image-resize",
            "keywords": [
                "image",
                "php",
                "resize",
                "scale"
            ],
            "time": "2015-03-27 23:22:35"
        },
        {
            "name": "gavroche/browser",
            "version": "v2.2",
            "source": {
                "type": "git",
                "url": "https://github.com/gabrielbull/php-browser.git",
                "reference": "3bb627dc02416b34ad8260d059359812ca7ef2e4"
            },
            "dist": {
                "type": "zip",
                "url": "https://api.github.com/repos/gabrielbull/php-browser/zipball/3bb627dc02416b34ad8260d059359812ca7ef2e4",
                "reference": "3bb627dc02416b34ad8260d059359812ca7ef2e4",
                "shasum": ""
            },
            "require": {
                "php": ">=5.3"
            },
            "require-dev": {
                "phpunit/phpunit": "3.7.*"
            },
            "type": "library",
            "autoload": {
                "psr-0": {
                    "Browser": "src/"
                }
            },
            "notification-url": "https://packagist.org/downloads/",
            "license": [
                "MIT"
            ],
            "authors": [
                {
                    "name": "Gabriel Bull",
                    "email": "me@gabrielbull.com",
                    "homepage": "http://gabrielbull.com/"
                },
                {
                    "name": "Chris Schuld",
                    "email": "contact@chrisschuld.com"
                }
            ],
            "description": "Detecting the user's browser, operating system and language.",
            "homepage": "https://github.com/gabrielbull/php-browser",
            "keywords": [
                "browser",
                "detection",
                "language",
                "operating system",
                "os"
            ],
            "time": "2014-03-09 12:54:13"
        },
        {
            "name": "hautelook/phpass",
            "version": "0.3.4",
            "source": {
                "type": "git",
                "url": "https://github.com/hautelook/phpass.git",
                "reference": "f0217d804225822f9bdb0d392839029b0fcb0914"
            },
            "dist": {
                "type": "zip",
                "url": "https://api.github.com/repos/hautelook/phpass/zipball/f0217d804225822f9bdb0d392839029b0fcb0914",
                "reference": "f0217d804225822f9bdb0d392839029b0fcb0914",
                "shasum": ""
            },
            "require": {
                "php": ">=5.3.3"
            },
            "type": "library",
            "autoload": {
                "psr-0": {
                    "Hautelook": "src/"
                }
            },
            "notification-url": "https://packagist.org/downloads/",
            "license": [
                "Public Domain"
            ],
            "authors": [
                {
                    "name": "Solar Designer",
                    "email": "solar@openwall.com",
                    "homepage": "http://openwall.com/phpass/"
                }
            ],
            "description": "Portable PHP password hashing framework",
            "homepage": "http://github.com/hautelook/phpass/",
            "keywords": [
                "blowfish",
                "crypt",
                "password",
                "security"
            ],
            "time": "2012-08-31 00:00:00"
        },
        {
            "name": "jalle19/php-whitelist-check",
            "version": "1.0.4",
            "source": {
                "type": "git",
                "url": "https://github.com/Jalle19/php-whitelist-check.git",
                "reference": "23723dc413fc36a7912323d3c1855bb1f5baef3a"
            },
            "dist": {
                "type": "zip",
                "url": "https://api.github.com/repos/Jalle19/php-whitelist-check/zipball/23723dc413fc36a7912323d3c1855bb1f5baef3a",
                "reference": "23723dc413fc36a7912323d3c1855bb1f5baef3a",
                "shasum": ""
            },
            "require": {
                "php": ">=5.3.0",
                "xrstf/ip-utils": "1.*@dev"
            },
            "require-dev": {
                "phpunit/phpunit": "3.7.*",
                "satooshi/php-coveralls": "dev-master"
            },
            "type": "library",
            "autoload": {
                "psr-0": {
                    "Whitelist\\": "src/"
                }
            },
            "notification-url": "https://packagist.org/downloads/",
            "license": [
                "BSD-2-Clause"
            ],
            "description": "Provides a simple way to check whether an address or domain is on a whitelist",
            "homepage": "https://github.com/Jalle19/php-whitelist-check",
            "keywords": [
                "cidr",
                "ipv4",
                "ipv6",
                "whitelist"
            ],
            "time": "2014-05-11 16:35:28"
        },
        {
            "name": "jalle19/simple-json-rpc-client",
            "version": "1.0.9",
            "source": {
                "type": "git",
                "url": "https://github.com/Jalle19/simple-json-rpc-client.git",
                "reference": "eecfbfd02168c761d1221d9857f8dcc09db345b1"
            },
            "dist": {
                "type": "zip",
                "url": "https://api.github.com/repos/Jalle19/simple-json-rpc-client/zipball/eecfbfd02168c761d1221d9857f8dcc09db345b1",
                "reference": "eecfbfd02168c761d1221d9857f8dcc09db345b1",
                "shasum": ""
            },
            "require": {
                "php": ">=5.4.0",
                "zendframework/zend-http": "2.2.*"
            },
            "require-dev": {
                "phpunit/phpunit": "3.7.*",
                "satooshi/php-coveralls": "dev-master",
                "zendframework/zend-json": "2.2.*",
                "zendframework/zend-server": "2.2.*"
            },
            "type": "library",
            "autoload": {
                "psr-0": {
                    "SimpleJsonRpcClient\\": "src/"
                }
            },
            "notification-url": "https://packagist.org/downloads/",
            "license": [
                "BSD-2-Clause"
            ],
            "description": "Simple JSON-RPC 2.0 client which utilizes Zend for HTTP functionality",
            "homepage": "https://github.com/Jalle19/simple-json-rpc-client",
            "keywords": [
                "jsonrpc"
            ],
            "time": "2015-04-20 11:09:16"
        },
        {
            "name": "jalle19/yii-lazy-image",
            "version": "1.0.2",
            "source": {
                "type": "git",
                "url": "https://github.com/Jalle19/yii-lazy-image.git",
                "reference": "8440028b7223b88fcd3f25e917ac8c40006567a8"
            },
            "dist": {
                "type": "zip",
                "url": "https://api.github.com/repos/Jalle19/yii-lazy-image/zipball/8440028b7223b88fcd3f25e917ac8c40006567a8",
                "reference": "8440028b7223b88fcd3f25e917ac8c40006567a8",
                "shasum": ""
            },
            "require": {
                "php": ">=5.3.0",
                "yiisoft/yii": "1.1.*"
            },
            "type": "library",
            "autoload": {
                "psr-0": {
                    "yiilazyimage": "src/"
                }
            },
            "notification-url": "https://packagist.org/downloads/",
            "license": [
                "MIT"
            ],
            "description": "Lazy image loader for the Yii framework",
            "homepage": "https://github.com/Jalle19/yii-lazy-image",
            "keywords": [
                "image",
                "lazy",
                "loader",
                "yii"
            ],
            "time": "2014-06-28 08:52:20"
        },
        {
            "name": "mobiledetect/mobiledetectlib",
            "version": "2.7.9",
            "source": {
                "type": "git",
                "url": "https://github.com/serbanghita/Mobile-Detect.git",
                "reference": "610846237295e3e50a1923e7cc1639a956ead22a"
            },
            "dist": {
                "type": "zip",
                "url": "https://api.github.com/repos/serbanghita/Mobile-Detect/zipball/610846237295e3e50a1923e7cc1639a956ead22a",
                "reference": "610846237295e3e50a1923e7cc1639a956ead22a",
                "shasum": ""
            },
            "require": {
                "php": ">=5.0.0"
            },
            "require-dev": {
                "phpunit/phpunit": "*"
            },
            "type": "library",
            "autoload": {
                "classmap": [
                    "Mobile_Detect.php"
                ],
                "psr-0": {
                    "Detection": "namespaced/"
                }
            },
            "notification-url": "https://packagist.org/downloads/",
            "license": [
                "MIT"
            ],
            "authors": [
                {
                    "name": "Serban Ghita",
                    "email": "serbanghita@gmail.com",
                    "homepage": "http://mobiledetect.net",
                    "role": "Developer"
                }
            ],
            "description": "Mobile_Detect is a lightweight PHP class for detecting mobile devices. It uses the User-Agent string combined with specific HTTP headers to detect the mobile environment.",
            "homepage": "https://github.com/serbanghita/Mobile-Detect",
            "keywords": [
                "detect mobile devices",
                "mobile",
                "mobile detect",
                "mobile detector",
                "php mobile detect"
            ],
            "time": "2014-03-07 13:33:54"
        },
        {
            "name": "mptre/php-xspf",
            "version": "v2.0.1",
            "source": {
                "type": "git",
                "url": "https://github.com/mptre/php-xspf.git",
                "reference": "29a61b26e5e2d52502a39d32a063b831612b44de"
            },
            "dist": {
                "type": "zip",
                "url": "https://api.github.com/repos/mptre/php-xspf/zipball/29a61b26e5e2d52502a39d32a063b831612b44de",
                "reference": "29a61b26e5e2d52502a39d32a063b831612b44de",
                "shasum": ""
            },
            "require-dev": {
                "phpunit/phpunit": "4.1.*"
            },
            "type": "library",
            "autoload": {
                "psr-0": {
                    "mptre": "src/"
                }
            },
            "notification-url": "https://packagist.org/downloads/",
            "license": [
                "MIT"
            ],
            "authors": [
                {
                    "name": "Anton Lindqvist",
                    "email": "anton@qvister.se"
                },
                {
                    "name": "Sam Stenvall",
                    "email": "neggelandia@gmail.com"
                }
            ],
            "description": "A package for genering XSPF playlists",
            "keywords": [
                "xspf"
            ],
            "time": "2014-08-06 09:56:00"
        },
        {
            "name": "netresearch/jsonmapper",
            "version": "dev-xbmc-video-server",
            "source": {
                "type": "git",
                "url": "https://github.com/Jalle19/jsonmapper.git",
                "reference": "67c7ee03c7654241155088fba3a299d260ad14cc"
            },
            "dist": {
                "type": "zip",
                "url": "https://api.github.com/repos/Jalle19/jsonmapper/zipball/67c7ee03c7654241155088fba3a299d260ad14cc",
                "reference": "67c7ee03c7654241155088fba3a299d260ad14cc",
                "shasum": ""
            },
            "require-dev": {
                "phpunit/phpunit": "4.2.*"
            },
            "type": "library",
            "autoload": {
                "psr-0": {
                    "": "src/"
                }
            },
            "license": [
                "AGPL-3.0"
            ],
            "authors": [
                {
                    "name": "Christian Weiske",
                    "email": "christian.weiske@netresearch.de",
                    "homepage": "http://www.netresearch.de/",
                    "role": "Developer"
                }
            ],
            "description": "Map nested JSON structures onto PHP classes",
            "support": {
                "email": "christian.weiske@netresearch.de",
                "issues": "https://github.com/netresearch/jsonmapper/issues",
                "source": "https://github.com/Jalle19/jsonmapper/tree/xbmc-video-server"
            },
            "time": "2014-09-16 09:30:49"
        },
        {
            "name": "tomnomnom/phpwol",
            "version": "0.0.1",
            "source": {
                "type": "git",
                "url": "https://github.com/TomNomNom/phpwol.git",
                "reference": "1c31562040a14d0512669dd38e4421b2c600370f"
            },
            "dist": {
                "type": "zip",
                "url": "https://api.github.com/repos/TomNomNom/phpwol/zipball/1c31562040a14d0512669dd38e4421b2c600370f",
                "reference": "1c31562040a14d0512669dd38e4421b2c600370f",
                "shasum": ""
            },
            "type": "library",
            "autoload": {
                "psr-0": {
                    "Phpwol": "./"
                }
            },
            "notification-url": "https://packagist.org/downloads/",
            "license": [
                "MIT"
            ],
            "authors": [
                {
                    "name": "Tom Hudson",
                    "email": "mail@tomnomnom.com",
                    "homepage": "http://tomhudson.co.uk/"
                }
            ],
            "description": "Wake On LAN for PHP",
            "homepage": "https://github.com/TomNomNom/phpwol/",
            "time": "2013-02-18 00:19:45"
        },
        {
            "name": "xrstf/ip-utils",
            "version": "v1.1.0",
            "source": {
                "type": "hg",
                "url": "https://bitbucket.org/xrstf/ip-utils",
                "reference": "77208641fa9e6063ccb00c8899d157818ad2474f"
            },
            "dist": {
                "type": "zip",
                "url": "https://bitbucket.org/xrstf/ip-utils/get/77208641fa9e6063ccb00c8899d157818ad2474f.zip",
                "reference": "77208641fa9e6063ccb00c8899d157818ad2474f",
                "shasum": ""
            },
            "require": {
                "php": ">=5.3.0"
            },
            "type": "library",
            "extra": {
                "branch-alias": {
                    "dev-default": "1.x-dev"
                }
            },
            "autoload": {
                "psr-0": {
                    "IpUtils\\": "lib/"
                }
            },
            "notification-url": "https://packagist.org/downloads/",
            "license": [
                "MIT"
            ],
            "authors": [
                {
                    "name": "Christoph Mewes",
                    "homepage": "http://www.xrstf.de/"
                }
            ],
            "description": "small library to deal with IPv4 & IPv6 addresses and subnets",
            "keywords": [
                "IP",
                "ipv4",
                "ipv6",
                "matching",
                "subnet"
            ],
            "time": "2013-12-04 01:57:13"
        },
        {
            "name": "yiisoft/yii",
            "version": "1.1.14",
            "source": {
                "type": "git",
                "url": "https://github.com/yiisoft/yii.git",
                "reference": "f0fee98ee84f70f1f3652f65562c9670e919cb4e"
            },
            "dist": {
                "type": "zip",
                "url": "https://api.github.com/repos/yiisoft/yii/zipball/f0fee98ee84f70f1f3652f65562c9670e919cb4e",
                "reference": "f0fee98ee84f70f1f3652f65562c9670e919cb4e",
                "shasum": ""
            },
            "require": {
                "php": ">=5.1.0"
            },
            "bin": [
                "framework/yiic"
            ],
            "type": "library",
            "notification-url": "https://packagist.org/downloads/",
            "license": [
                "BSD-3-Clause"
            ],
            "authors": [
                {
                    "name": "Qiang Xue",
                    "email": "qiang.xue@gmail.com",
                    "homepage": "http://www.yiiframework.com/",
                    "role": "Founder and project lead"
                },
                {
                    "name": "Alexander Makarov",
                    "email": "sam@rmcreative.ru",
                    "homepage": "http://rmcreative.ru/",
                    "role": "Core framework development"
                },
                {
                    "name": "Maurizio Domba",
                    "homepage": "http://mdomba.info/",
                    "role": "Core framework development"
                },
                {
                    "name": "Carsten Brandt",
                    "email": "mail@cebe.cc",
                    "homepage": "http://cebe.cc/",
                    "role": "Core framework development"
                },
                {
                    "name": "Wei Zhuo",
                    "email": "weizhuo@gmail.com",
                    "role": "Project site maintenance and development"
                },
                {
                    "name": "Sebastián Thierer",
                    "email": "sebas@artfos.com",
                    "role": "Component development"
                },
                {
                    "name": "Jeffrey Winesett",
                    "email": "jefftulsa@gmail.com",
                    "role": "Documentation and marketing"
                },
                {
                    "name": "Timur Ruziev",
                    "email": "resurtm@gmail.com",
                    "homepage": "http://resurtm.com/",
                    "role": "Core framework development"
                },
                {
                    "name": "Paul Klimov",
                    "email": "klimov.paul@gmail.com",
                    "role": "Core framework development"
                }
            ],
            "description": "Yii Web Programming Framework",
            "homepage": "http://www.yiiframework.com/",
            "keywords": [
                "framework",
                "yii"
            ],
            "time": "2013-08-12 00:12:08"
        },
        {
            "name": "zendframework/zend-escaper",
            "version": "2.2.10",
            "source": {
                "type": "git",
                "url": "https://github.com/zendframework/zend-escaper.git",
                "reference": "232249785a19b982d86e502d161c90ce13202eed"
            },
            "dist": {
                "type": "zip",
                "url": "https://api.github.com/repos/zendframework/zend-escaper/zipball/232249785a19b982d86e502d161c90ce13202eed",
                "reference": "232249785a19b982d86e502d161c90ce13202eed",
                "shasum": ""
            },
            "require": {
                "php": ">=5.3.3"
            },
            "require-dev": {
                "fabpot/php-cs-fixer": "1.7.*",
                "phpunit/phpunit": "~4.0",
                "satooshi/php-coveralls": "dev-master"
            },
            "type": "library",
            "extra": {
                "branch-alias": {
                    "dev-master": "2.2-dev",
                    "dev-develop": "2.3-dev"
                }
            },
            "autoload": {
                "psr-4": {
                    "Zend\\Escaper\\": "src/"
                }
            },
            "notification-url": "https://packagist.org/downloads/",
            "license": [
                "BSD-3-Clause"
            ],
            "homepage": "https://github.com/zendframework/zend-escaper",
            "keywords": [
                "escaper",
                "zf2"
            ],
            "time": "2014-03-05 17:29:35"
        },
        {
            "name": "zendframework/zend-http",
            "version": "2.2.10",
            "source": {
                "type": "git",
                "url": "https://github.com/zendframework/zend-http.git",
                "reference": "feb1c409f856ace2c0326fa86ac98136859b7e93"
            },
            "dist": {
                "type": "zip",
                "url": "https://api.github.com/repos/zendframework/zend-http/zipball/feb1c409f856ace2c0326fa86ac98136859b7e93",
                "reference": "feb1c409f856ace2c0326fa86ac98136859b7e93",
                "shasum": ""
            },
            "require": {
                "php": ">=5.3.3",
                "zendframework/zend-loader": "self.version",
                "zendframework/zend-stdlib": "self.version",
                "zendframework/zend-uri": "self.version",
                "zendframework/zend-validator": "self.version"
            },
            "require-dev": {
                "fabpot/php-cs-fixer": "1.7.*",
                "phpunit/phpunit": "~4.0",
                "satooshi/php-coveralls": "dev-master"
            },
            "type": "library",
            "extra": {
                "branch-alias": {
                    "dev-master": "2.2-dev",
                    "dev-develop": "2.3-dev"
                }
            },
            "autoload": {
                "psr-4": {
                    "Zend\\Http\\": "src/"
                }
            },
            "notification-url": "https://packagist.org/downloads/",
            "license": [
                "BSD-3-Clause"
            ],
            "description": "provides an easy interface for performing Hyper-Text Transfer Protocol (HTTP) requests",
            "homepage": "https://github.com/zendframework/zend-http",
            "keywords": [
                "http",
                "zf2"
            ],
            "time": "2014-03-05 18:47:14"
        },
        {
            "name": "zendframework/zend-loader",
            "version": "2.2.10",
            "source": {
                "type": "git",
                "url": "https://github.com/zendframework/zend-loader.git",
                "reference": "8d7131b6c063251f99772eab2eba44573497dc25"
            },
            "dist": {
                "type": "zip",
                "url": "https://api.github.com/repos/zendframework/zend-loader/zipball/8d7131b6c063251f99772eab2eba44573497dc25",
                "reference": "8d7131b6c063251f99772eab2eba44573497dc25",
                "shasum": ""
            },
            "require": {
                "php": ">=5.3.3"
            },
            "require-dev": {
                "fabpot/php-cs-fixer": "1.7.*",
                "phpunit/phpunit": "~4.0",
                "satooshi/php-coveralls": "dev-master"
            },
            "type": "library",
            "extra": {
                "branch-alias": {
                    "dev-master": "2.2-dev",
                    "dev-develop": "2.3-dev"
                }
            },
            "autoload": {
                "psr-4": {
                    "Zend\\Loader\\": "src/"
                }
            },
            "notification-url": "https://packagist.org/downloads/",
            "license": [
                "BSD-3-Clause"
            ],
            "homepage": "https://github.com/zendframework/zend-loader",
            "keywords": [
                "loader",
                "zf2"
            ],
            "time": "2014-03-06 17:27:03"
        },
        {
            "name": "zendframework/zend-stdlib",
            "version": "2.2.10",
            "source": {
                "type": "git",
                "url": "https://github.com/zendframework/zend-stdlib.git",
                "reference": "b42d784bd142e916058a9d68eeafcc10ff63c12e"
            },
            "dist": {
                "type": "zip",
                "url": "https://api.github.com/repos/zendframework/zend-stdlib/zipball/b42d784bd142e916058a9d68eeafcc10ff63c12e",
                "reference": "b42d784bd142e916058a9d68eeafcc10ff63c12e",
                "shasum": ""
            },
            "require": {
                "php": ">=5.3.3"
            },
            "require-dev": {
                "fabpot/php-cs-fixer": "1.7.*",
                "phpunit/phpunit": "~4.0",
                "satooshi/php-coveralls": "dev-master",
                "zendframework/zend-eventmanager": "self.version",
                "zendframework/zend-filter": "self.version",
                "zendframework/zend-serializer": "self.version",
                "zendframework/zend-servicemanager": "self.version"
            },
            "suggest": {
                "zendframework/zend-eventmanager": "To support aggregate hydrator usage",
                "zendframework/zend-filter": "To support naming strategy hydrator usage",
                "zendframework/zend-serializer": "Zend\\Serializer component",
                "zendframework/zend-servicemanager": "To support hydrator plugin manager usage"
            },
            "type": "library",
            "extra": {
                "branch-alias": {
                    "dev-master": "2.2-dev",
                    "dev-develop": "2.3-dev"
                }
            },
            "autoload": {
                "psr-4": {
                    "Zend\\Stdlib\\": "src/"
                }
            },
            "notification-url": "https://packagist.org/downloads/",
            "license": [
                "BSD-3-Clause"
            ],
            "homepage": "https://github.com/zendframework/zend-stdlib",
            "keywords": [
                "stdlib",
                "zf2"
            ],
            "time": "2014-03-05 17:29:35"
        },
        {
            "name": "zendframework/zend-uri",
            "version": "2.2.10",
            "source": {
                "type": "git",
                "url": "https://github.com/zendframework/zend-uri.git",
                "reference": "ee7412a16ddd59d3f0935dfb6f09a889b7d1b561"
            },
            "dist": {
                "type": "zip",
                "url": "https://api.github.com/repos/zendframework/zend-uri/zipball/ee7412a16ddd59d3f0935dfb6f09a889b7d1b561",
                "reference": "ee7412a16ddd59d3f0935dfb6f09a889b7d1b561",
                "shasum": ""
            },
            "require": {
                "php": ">=5.3.3",
                "zendframework/zend-escaper": "self.version",
                "zendframework/zend-validator": "self.version"
            },
            "require-dev": {
                "fabpot/php-cs-fixer": "1.7.*",
                "phpunit/phpunit": "~4.0",
                "satooshi/php-coveralls": "dev-master"
            },
            "type": "library",
            "extra": {
                "branch-alias": {
                    "dev-master": "2.2-dev",
                    "dev-develop": "2.3-dev"
                }
            },
            "autoload": {
                "psr-4": {
                    "Zend\\Uri\\": "src/"
                }
            },
            "notification-url": "https://packagist.org/downloads/",
            "license": [
                "BSD-3-Clause"
            ],
            "description": "a component that aids in manipulating and validating » Uniform Resource Identifiers (URIs)",
            "homepage": "https://github.com/zendframework/zend-uri",
            "keywords": [
                "uri",
                "zf2"
            ],
            "time": "2014-03-05 17:29:35"
        },
        {
            "name": "zendframework/zend-validator",
            "version": "2.2.10",
            "source": {
                "type": "git",
                "url": "https://github.com/zendframework/zend-validator.git",
                "reference": "6c5637d535bc2cdaa5c85467490bfb17744c13e6"
            },
            "dist": {
                "type": "zip",
                "url": "https://api.github.com/repos/zendframework/zend-validator/zipball/6c5637d535bc2cdaa5c85467490bfb17744c13e6",
                "reference": "6c5637d535bc2cdaa5c85467490bfb17744c13e6",
                "shasum": ""
            },
            "require": {
                "php": ">=5.3.3",
                "zendframework/zend-stdlib": "self.version"
            },
            "require-dev": {
                "fabpot/php-cs-fixer": "1.7.*",
                "phpunit/phpunit": "~4.0",
                "satooshi/php-coveralls": "dev-master",
                "zendframework/zend-db": "self.version",
                "zendframework/zend-filter": "self.version",
                "zendframework/zend-i18n": "self.version",
                "zendframework/zend-math": "self.version",
                "zendframework/zend-servicemanager": "self.version",
                "zendframework/zend-session": "self.version",
                "zendframework/zend-uri": "self.version"
            },
            "suggest": {
                "zendframework/zend-db": "Zend\\Db component",
                "zendframework/zend-filter": "Zend\\Filter component, required by the Digits validator",
                "zendframework/zend-i18n": "Zend\\I18n component to allow translation of validation error messages as well as to use the various Date validators",
                "zendframework/zend-math": "Zend\\Math component",
                "zendframework/zend-resources": "Translations of validator messages",
                "zendframework/zend-servicemanager": "Zend\\ServiceManager component to allow using the ValidatorPluginManager and validator chains",
                "zendframework/zend-session": "Zend\\Session component",
                "zendframework/zend-uri": "Zend\\Uri component, required by the Uri and Sitemap\\Loc validators"
            },
            "type": "library",
            "extra": {
                "branch-alias": {
                    "dev-master": "2.2-dev",
                    "dev-develop": "2.3-dev"
                }
            },
            "autoload": {
                "psr-4": {
                    "Zend\\Validator\\": "src/"
                }
            },
            "notification-url": "https://packagist.org/downloads/",
            "license": [
                "BSD-3-Clause"
            ],
            "description": "provides a set of commonly needed validators",
            "homepage": "https://github.com/zendframework/zend-validator",
            "keywords": [
                "validator",
                "zf2"
            ],
            "time": "2014-03-05 17:29:35"
        }
    ],
    "packages-dev": [],
    "aliases": [],
    "minimum-stability": "stable",
    "stability-flags": {
        "eventviva/php-image-resize": 20,
        "netresearch/jsonmapper": 20
    },
    "prefer-stable": false,
    "prefer-lowest": false,
    "platform": [],
    "platform-dev": []
}
