{
    "_readme": [
        "This file locks the dependencies of your project to a known state",
        "Read more about it at http://getcomposer.org/doc/01-basic-usage.md#composer-lock-the-lock-file"
    ],
    "hash": "0e584f36976a0f3eec8851081afe39d2",
    "packages": [
        {
            "name": "crisu83/yii-consoletools",
            "version": "1.0.0",
            "source": {
                "type": "git",
                "url": "https://github.com/Crisu83/yii-consoletools.git",
                "reference": "d71553c59adfcd6eeb10d58af38974898e719052"
            },
            "dist": {
                "type": "zip",
                "url": "https://api.github.com/repos/Crisu83/yii-consoletools/zipball/d71553c59adfcd6eeb10d58af38974898e719052",
                "reference": "d71553c59adfcd6eeb10d58af38974898e719052",
                "shasum": ""
            },
            "type": "library",
            "notification-url": "https://packagist.org/downloads/",
            "license": [
                "BSD-3-Clause"
            ],
            "authors": [
                {
                    "name": "Christoffer Niska",
                    "email": "christoffer.niska@gmail.com",
                    "homepage": "http://www.cniska.net/"
                }
            ],
            "description": "A collection of tools for developing console commands for Yii.",
            "keywords": [
                "console",
                "tools",
                "yii"
            ],
            "time": "2013-08-21 12:49:00"
        },
        {
            "name": "crisu83/yii-less",
            "version": "v2.0.2",
            "source": {
                "type": "git",
                "url": "https://github.com/Crisu83/yii-less.git",
                "reference": "09532bf98bd6cc9048c6bb4a7761d90df3214e76"
            },
            "dist": {
                "type": "zip",
                "url": "https://api.github.com/repos/Crisu83/yii-less/zipball/09532bf98bd6cc9048c6bb4a7761d90df3214e76",
                "reference": "09532bf98bd6cc9048c6bb4a7761d90df3214e76",
                "shasum": ""
            },
            "type": "yii-extension",
            "notification-url": "https://packagist.org/downloads/",
            "license": [
                "BSD-3-Clause"
            ],
            "authors": [
                {
                    "name": "Christoffer Niska",
                    "email": "christoffer.niska@gmail.com",
                    "homepage": "http://www.cniska.net/"
                }
            ],
            "description": "LESS compilers for the Yii PHP framework.",
            "keywords": [
                "less"
            ],
            "time": "2013-08-25 16:56:18"
        },
        {
            "name": "crisu83/yiistrap",
            "version": "1.2.3",
            "source": {
                "type": "git",
                "url": "https://github.com/Crisu83/yiistrap.git",
                "reference": "5ce7e8cf563b8f7e1de08eda7e28a93dd7abd27b"
            },
            "dist": {
                "type": "zip",
                "url": "https://api.github.com/repos/Crisu83/yiistrap/zipball/5ce7e8cf563b8f7e1de08eda7e28a93dd7abd27b",
                "reference": "5ce7e8cf563b8f7e1de08eda7e28a93dd7abd27b",
                "shasum": ""
            },
            "require-dev": {
                "codeception/codeception": "@stable",
                "crisu83/yii-composer": ">=1.0.0",
                "php": ">=5.3.0",
                "yiisoft/yii": ">=1.1.13"
            },
            "type": "library",
            "extra": {
                "yii-install-writable": [
                    "tests/_log"
                ]
            },
            "notification-url": "https://packagist.org/downloads/",
            "license": [
                "BSD-3-Clause"
            ],
            "authors": [
                {
                    "name": "Christoffer Niska",
                    "email": "christoffer.niska@gmail.com",
                    "homepage": "http://www.cniska.net/"
                },
                {
                    "name": "Antonio Ramirez",
                    "email": "ramirez.cobos@gmail.com",
                    "homepage": "http://www.ramirezcobos.com/"
                }
            ],
            "description": "Twitter Bootstrap for the Yii PHP framework.",
            "keywords": [
                "bootstrap",
                "yii"
            ],
            "time": "2014-01-30 00:40:56"
        },
        {
            "name": "eventviva/php-image-resize",
            "version": "dev-master",
            "source": {
                "type": "git",
                "url": "https://github.com/eventviva/php-image-resize.git",
                "reference": "c3feead0123a1cd9356f87f338cda626c73252b3"
            },
            "dist": {
                "type": "zip",
                "url": "https://api.github.com/repos/eventviva/php-image-resize/zipball/c3feead0123a1cd9356f87f338cda626c73252b3",
                "reference": "c3feead0123a1cd9356f87f338cda626c73252b3",
                "shasum": ""
            },
            "require": {
                "ext-gd": "*",
                "php": ">=5.3.0"
            },
            "type": "library",
            "autoload": {
                "classmap": [
                    "src"
                ]
            },
            "notification-url": "https://packagist.org/downloads/",
            "license": [
                "MIT"
            ],
            "authors": [
                {
                    "name": "EventViva",
                    "homepage": "https://eventviva.com/"
                }
            ],
            "description": "PHP class to re-size and scale images",
            "homepage": "https://github.com/eventviva/php-image-resize",
            "keywords": [
                "image",
                "php",
                "resize",
                "scale"
            ],
            "time": "2013-11-15 20:47:56"
        },
        {
            "name": "hautelook/phpass",
            "version": "0.3.0",
            "source": {
                "type": "git",
                "url": "https://github.com/hautelook/phpass.git",
                "reference": "da4c2c693aa4e1c616a350015c90af0da82a0fd8"
            },
            "dist": {
                "type": "zip",
                "url": "https://api.github.com/repos/hautelook/phpass/zipball/da4c2c693aa4e1c616a350015c90af0da82a0fd8",
                "reference": "da4c2c693aa4e1c616a350015c90af0da82a0fd8",
                "shasum": ""
            },
            "require": {
                "php": ">=5.3.3"
            },
            "type": "library",
            "autoload": {
                "psr-0": {
                    "Hautelook": "src/"
                }
            },
            "notification-url": "https://packagist.org/downloads/",
            "license": [
                "Public Domain"
            ],
            "authors": [
                {
                    "name": "Solar Designer",
                    "email": "solar@openwall.com",
                    "homepage": "http://openwall.com/phpass/"
                }
            ],
            "description": "Portable PHP password hashing framework",
            "homepage": "http://github.com/hautelook/phpass/",
            "keywords": [
                "blowfish",
                "crypt",
                "password",
                "security"
            ],
            "time": "2012-08-31 00:00:00"
        },
        {
            "name": "jalle19/php-whitelist-check",
            "version": "1.0.3",
            "source": {
                "type": "git",
                "url": "https://github.com/Jalle19/php-whitelist-check.git",
                "reference": "e489b868286ffb4d8baedfb9b310fac0566b4e9e"
            },
            "dist": {
                "type": "zip",
                "url": "https://api.github.com/repos/Jalle19/php-whitelist-check/zipball/e489b868286ffb4d8baedfb9b310fac0566b4e9e",
                "reference": "e489b868286ffb4d8baedfb9b310fac0566b4e9e",
                "shasum": ""
            },
            "require": {
                "php": ">=5.3.0",
                "xrstf/ip-utils": "1.*@dev"
            },
            "require-dev": {
                "phpunit/phpunit": "3.7.*",
                "satooshi/php-coveralls": "dev-master"
            },
            "type": "library",
            "autoload": {
                "psr-0": {
                    "Whitelist\\": "src/"
                }
            },
            "notification-url": "https://packagist.org/downloads/",
            "license": [
                "BSD-2-Clause"
            ],
            "description": "Provides a simple way to check whether an address or domain is on a whitelist",
            "homepage": "https://github.com/Jalle19/php-whitelist-check",
            "keywords": [
                "cidr",
                "ipv4",
                "ipv6",
                "whitelist"
            ],
            "time": "2014-02-05 11:37:24"
        },
        {
            "name": "jalle19/simple-json-rpc-client",
            "version": "1.0.0",
            "source": {
                "type": "git",
                "url": "https://github.com/Jalle19/simple-json-rpc-client.git",
                "reference": "9e1379e6599f91bfecf8b1fe152d3cbfbd9638f9"
            },
            "dist": {
                "type": "zip",
                "url": "https://api.github.com/repos/Jalle19/simple-json-rpc-client/zipball/9e1379e6599f91bfecf8b1fe152d3cbfbd9638f9",
                "reference": "9e1379e6599f91bfecf8b1fe152d3cbfbd9638f9",
                "shasum": ""
            },
            "require": {
                "php": ">=5.4.0",
                "zendframework/zend-http": "2.2.*"
            },
            "type": "library",
            "autoload": {
                "psr-0": {
                    "SimpleJsonRpcClient\\": "src/"
                }
            },
            "notification-url": "https://packagist.org/downloads/",
            "license": [
                "BSD-2-Clause"
            ],
            "description": "Simple JSON-RPC 2.0 client which utilizes Zend for HTTP functionality",
            "homepage": "https://github.com/Jalle19/simple-json-rpc-client",
            "keywords": [
                "jsonrpc"
            ],
            "time": "2013-11-09 15:50:41"
        },
        {
            "name": "mobiledetect/mobiledetectlib",
            "version": "2.7.7",
            "source": {
                "type": "git",
                "url": "https://github.com/serbanghita/Mobile-Detect.git",
                "reference": "bea11a6f0f702f8263da7e02d91b36ba27da5c26"
            },
            "dist": {
                "type": "zip",
                "url": "https://api.github.com/repos/serbanghita/Mobile-Detect/zipball/bea11a6f0f702f8263da7e02d91b36ba27da5c26",
                "reference": "bea11a6f0f702f8263da7e02d91b36ba27da5c26",
                "shasum": ""
            },
            "require": {
                "php": ">=5.0.0"
            },
            "require-dev": {
                "phpunit/phpunit": "*"
            },
            "type": "library",
            "autoload": {
                "classmap": [
                    "Mobile_Detect.php"
                ],
                "psr-0": {
                    "Detection": "namespaced/"
                }
            },
            "notification-url": "https://packagist.org/downloads/",
            "license": [
                "MIT"
            ],
            "authors": [
                {
                    "name": "Serban Ghita",
                    "email": "serbanghita@gmail.com",
                    "homepage": "http://mobiledetect.net",
                    "role": "Developer"
                }
            ],
            "description": "Mobile_Detect is a lightweight PHP class for detecting mobile devices. It uses the User-Agent string combined with specific HTTP headers to detect the mobile environment.",
            "homepage": "https://github.com/serbanghita/Mobile-Detect",
            "keywords": [
                "detect mobile devices",
                "mobile",
                "mobile detect",
                "mobile detector",
                "php mobile detect"
            ],
            "time": "2014-01-17 15:58:35"
        },
        {
            "name": "xrstf/ip-utils",
            "version": "v1.1.0",
            "source": {
                "type": "hg",
                "url": "https://bitbucket.org/xrstf/ip-utils",
                "reference": "77208641fa9e6063ccb00c8899d157818ad2474f"
            },
            "dist": {
                "type": "zip",
                "url": "https://bitbucket.org/xrstf/ip-utils/get/77208641fa9e6063ccb00c8899d157818ad2474f.zip",
                "reference": "77208641fa9e6063ccb00c8899d157818ad2474f",
                "shasum": ""
            },
            "require": {
                "php": ">=5.3.0"
            },
            "type": "library",
            "extra": {
                "branch-alias": {
                    "dev-default": "1.x-dev"
                }
            },
            "autoload": {
                "psr-0": {
                    "IpUtils\\": "lib/"
                }
            },
            "notification-url": "https://packagist.org/downloads/",
            "license": [
                "MIT"
            ],
            "authors": [
                {
                    "name": "Christoph Mewes",
                    "homepage": "http://www.xrstf.de/"
                }
            ],
            "description": "small library to deal with IPv4 & IPv6 addresses and subnets",
            "keywords": [
                "IP",
                "ipv4",
                "ipv6",
                "matching",
                "subnet"
            ],
            "time": "2013-12-04 01:57:13"
        },
        {
            "name": "yiisoft/yii",
            "version": "1.1.14",
            "source": {
                "type": "git",
                "url": "https://github.com/yiisoft/yii.git",
                "reference": "f0fee98ee84f70f1f3652f65562c9670e919cb4e"
            },
            "dist": {
                "type": "zip",
                "url": "https://api.github.com/repos/yiisoft/yii/zipball/f0fee98ee84f70f1f3652f65562c9670e919cb4e",
                "reference": "f0fee98ee84f70f1f3652f65562c9670e919cb4e",
                "shasum": ""
            },
            "require": {
                "php": ">=5.1.0"
            },
            "bin": [
                "framework/yiic"
            ],
            "type": "library",
            "notification-url": "https://packagist.org/downloads/",
            "license": [
                "BSD-3-Clause"
            ],
            "authors": [
                {
                    "name": "Qiang Xue",
                    "email": "qiang.xue@gmail.com",
                    "homepage": "http://www.yiiframework.com/",
                    "role": "Founder and project lead"
                },
                {
                    "name": "Alexander Makarov",
                    "email": "sam@rmcreative.ru",
                    "homepage": "http://rmcreative.ru/",
                    "role": "Core framework development"
                },
                {
                    "name": "Maurizio Domba",
                    "homepage": "http://mdomba.info/",
                    "role": "Core framework development"
                },
                {
                    "name": "Carsten Brandt",
                    "email": "mail@cebe.cc",
                    "homepage": "http://cebe.cc/",
                    "role": "Core framework development"
                },
                {
                    "name": "Wei Zhuo",
                    "email": "weizhuo@gmail.com",
                    "role": "Project site maintenance and development"
                },
                {
                    "name": "Sebastián Thierer",
                    "email": "sebas@artfos.com",
                    "role": "Component development"
                },
                {
                    "name": "Jeffrey Winesett",
                    "email": "jefftulsa@gmail.com",
                    "role": "Documentation and marketing"
                },
                {
                    "name": "Timur Ruziev",
                    "email": "resurtm@gmail.com",
                    "homepage": "http://resurtm.com/",
                    "role": "Core framework development"
                },
                {
                    "name": "Paul Klimov",
                    "email": "klimov.paul@gmail.com",
                    "role": "Core framework development"
                }
            ],
            "description": "Yii Web Programming Framework",
            "homepage": "http://www.yiiframework.com/",
            "keywords": [
                "framework",
                "yii"
            ],
            "time": "2013-08-12 00:12:08"
        },
        {
            "name": "zendframework/zend-escaper",
            "version": "2.2.5",
            "target-dir": "Zend/Escaper",
            "source": {
                "type": "git",
                "url": "https://github.com/zendframework/Component_ZendEscaper.git",
                "reference": "5db67b32359d86326077209f1fefbbf1183911e8"
            },
            "dist": {
                "type": "zip",
                "url": "https://api.github.com/repos/zendframework/Component_ZendEscaper/zipball/5db67b32359d86326077209f1fefbbf1183911e8",
                "reference": "5db67b32359d86326077209f1fefbbf1183911e8",
                "shasum": ""
            },
            "require": {
                "php": ">=5.3.3"
            },
            "type": "library",
            "extra": {
                "branch-alias": {
                    "dev-master": "2.2-dev",
                    "dev-develop": "2.3-dev"
                }
            },
            "autoload": {
                "psr-0": {
                    "Zend\\Escaper\\": ""
                }
            },
            "notification-url": "https://packagist.org/downloads/",
            "license": [
                "BSD-3-Clause"
            ],
            "keywords": [
                "escaper",
                "zf2"
            ],
            "time": "2013-05-01 21:53:03"
        },
        {
            "name": "zendframework/zend-http",
            "version": "2.2.5",
            "target-dir": "Zend/Http",
            "source": {
                "type": "git",
                "url": "https://github.com/zendframework/Component_ZendHttp.git",
                "reference": "5b8745a7f857fbf3bd989b2ccaebd6778de7c25a"
            },
            "dist": {
                "type": "zip",
                "url": "https://api.github.com/repos/zendframework/Component_ZendHttp/zipball/5b8745a7f857fbf3bd989b2ccaebd6778de7c25a",
                "reference": "5b8745a7f857fbf3bd989b2ccaebd6778de7c25a",
                "shasum": ""
            },
            "require": {
                "php": ">=5.3.3",
                "zendframework/zend-loader": "self.version",
                "zendframework/zend-stdlib": "self.version",
                "zendframework/zend-uri": "self.version",
                "zendframework/zend-validator": "self.version"
            },
            "type": "library",
            "extra": {
                "branch-alias": {
                    "dev-master": "2.2-dev",
                    "dev-develop": "2.3-dev"
                }
            },
            "autoload": {
                "psr-0": {
                    "Zend\\Http\\": ""
                }
            },
            "notification-url": "https://packagist.org/downloads/",
            "license": [
                "BSD-3-Clause"
            ],
            "description": "provides an easy interface for performing Hyper-Text Transfer Protocol (HTTP) requests",
            "keywords": [
                "http",
                "zf2"
            ],
            "time": "2013-10-23 15:00:05"
        },
        {
            "name": "zendframework/zend-loader",
            "version": "2.2.5",
            "target-dir": "Zend/Loader",
            "source": {
                "type": "git",
                "url": "https://github.com/zendframework/Component_ZendLoader.git",
                "reference": "9e3537a6012dc0b184f66f8668e6c33fd805f0eb"
            },
            "dist": {
                "type": "zip",
                "url": "https://api.github.com/repos/zendframework/Component_ZendLoader/zipball/9e3537a6012dc0b184f66f8668e6c33fd805f0eb",
                "reference": "9e3537a6012dc0b184f66f8668e6c33fd805f0eb",
                "shasum": ""
            },
            "require": {
                "php": ">=5.3.3"
            },
            "type": "library",
            "extra": {
                "branch-alias": {
                    "dev-master": "2.2-dev",
                    "dev-develop": "2.3-dev"
                }
            },
            "autoload": {
                "psr-0": {
                    "Zend\\Loader\\": ""
                }
            },
            "notification-url": "https://packagist.org/downloads/",
            "license": [
                "BSD-3-Clause"
            ],
            "keywords": [
                "loader",
                "zf2"
            ],
            "time": "2013-10-20 06:00:17"
        },
        {
            "name": "zendframework/zend-stdlib",
            "version": "2.2.5",
            "target-dir": "Zend/Stdlib",
            "source": {
                "type": "git",
                "url": "https://github.com/zendframework/Component_ZendStdlib.git",
                "reference": "f440ecfc828d61d620662a03987c8287e1e4801e"
            },
            "dist": {
                "type": "zip",
                "url": "https://api.github.com/repos/zendframework/Component_ZendStdlib/zipball/f440ecfc828d61d620662a03987c8287e1e4801e",
                "reference": "f440ecfc828d61d620662a03987c8287e1e4801e",
                "shasum": ""
            },
            "require": {
                "php": ">=5.3.3"
            },
            "suggest": {
                "zendframework/zend-eventmanager": "To support aggregate hydrator usage",
                "zendframework/zend-servicemanager": "To support hydrator plugin manager usage"
            },
            "type": "library",
            "extra": {
                "branch-alias": {
                    "dev-master": "2.2-dev",
                    "dev-develop": "2.3-dev"
                }
            },
            "autoload": {
                "psr-0": {
                    "Zend\\Stdlib\\": ""
                }
            },
            "notification-url": "https://packagist.org/downloads/",
            "license": [
                "BSD-3-Clause"
            ],
            "keywords": [
                "stdlib",
                "zf2"
            ],
            "time": "2013-10-20 06:00:20"
        },
        {
            "name": "zendframework/zend-uri",
            "version": "2.2.5",
            "target-dir": "Zend/Uri",
            "source": {
                "type": "git",
                "url": "https://github.com/zendframework/Component_ZendUri.git",
                "reference": "e2a4b038a0939d46e53bfa40cfc9f1791533ae84"
            },
            "dist": {
                "type": "zip",
                "url": "https://api.github.com/repos/zendframework/Component_ZendUri/zipball/e2a4b038a0939d46e53bfa40cfc9f1791533ae84",
                "reference": "e2a4b038a0939d46e53bfa40cfc9f1791533ae84",
                "shasum": ""
            },
            "require": {
                "php": ">=5.3.3",
                "zendframework/zend-escaper": "self.version",
                "zendframework/zend-validator": "self.version"
            },
            "type": "library",
            "extra": {
                "branch-alias": {
                    "dev-master": "2.2-dev",
                    "dev-develop": "2.3-dev"
                }
            },
            "autoload": {
                "psr-0": {
                    "Zend\\Uri\\": ""
                }
            },
            "notification-url": "https://packagist.org/downloads/",
            "license": [
                "BSD-3-Clause"
            ],
            "description": "a component that aids in manipulating and validating » Uniform Resource Identifiers (URIs)",
            "keywords": [
                "uri",
                "zf2"
            ],
            "time": "2013-06-12 19:46:02"
        },
        {
            "name": "zendframework/zend-validator",
            "version": "2.2.5",
            "target-dir": "Zend/Validator",
            "source": {
                "type": "git",
                "url": "https://github.com/zendframework/Component_ZendValidator.git",
                "reference": "8c23193a617a03dd7ee6c25049132c942f31ec28"
            },
            "dist": {
                "type": "zip",
                "url": "https://api.github.com/repos/zendframework/Component_ZendValidator/zipball/8c23193a617a03dd7ee6c25049132c942f31ec28",
                "reference": "8c23193a617a03dd7ee6c25049132c942f31ec28",
                "shasum": ""
            },
            "require": {
                "php": ">=5.3.3",
                "zendframework/zend-stdlib": "self.version"
            },
            "require-dev": {
                "zendframework/zend-filter": "self.version",
                "zendframework/zend-i18n": "self.version",
                "zendframework/zend-math": "self.version",
                "zendframework/zend-servicemanager": "self.version"
            },
            "suggest": {
                "zendframework/zend-db": "Zend\\Db component",
                "zendframework/zend-filter": "Zend\\Filter component, required by the Digits validator",
                "zendframework/zend-i18n": "Zend\\I18n component to allow translation of validation error messages as well as to use the various Date validators",
                "zendframework/zend-math": "Zend\\Math component",
                "zendframework/zend-resources": "Translations of validator messages",
                "zendframework/zend-servicemanager": "Zend\\ServiceManager component to allow using the ValidatorPluginManager and validator chains",
                "zendframework/zend-uri": "Zend\\Uri component, required by the Uri and Sitemap\\Loc validators"
            },
            "type": "library",
            "extra": {
                "branch-alias": {
                    "dev-master": "2.2-dev",
                    "dev-develop": "2.3-dev"
                }
            },
            "autoload": {
                "psr-0": {
                    "Zend\\Validator\\": ""
                }
            },
            "notification-url": "https://packagist.org/downloads/",
            "license": [
                "BSD-3-Clause"
            ],
            "description": "provides a set of commonly needed validators",
            "keywords": [
                "validator",
                "zf2"
            ],
            "time": "2013-10-20 06:00:22"
        }
    ],
    "packages-dev": [

    ],
    "aliases": [

    ],
    "minimum-stability": "stable",
    "stability-flags": {
        "eventviva/php-image-resize": 20
    },
    "platform": [

    ],
    "platform-dev": [

    ]
}
