{
	"name": "xbmc-video-server",
	"version": "1.10.4",
	"lockfileVersion": 2,
	"requires": true,
	"packages": {
		"": {
			"name": "xbmc-video-server",
			"version": "1.10.4",
			"license": "GPL-3.0",
			"devDependencies": {
				"grunt": "~0.4.5",
				"grunt-contrib-concat": "~0.4.0",
				"grunt-contrib-less": "~0.11.0",
				"grunt-contrib-uglify": "~0.5.0",
				"grunt-contrib-watch": "~0.6.1"
			}
		},
		"node_modules/abbrev": {
			"version": "1.1.1",
			"dev": true,
			"license": "ISC"
		},
		"node_modules/align-text": {
			"version": "0.1.4",
			"dev": true,
			"license": "MIT",
			"dependencies": {
				"kind-of": "^3.0.2",
				"longest": "^1.0.1",
				"repeat-string": "^1.5.2"
			},
			"engines": {
				"node": ">=0.10.0"
			}
		},
		"node_modules/amdefine": {
			"version": "1.0.1",
			"dev": true,
			"license": "BSD-3-Clause OR MIT",
			"optional": true,
			"engines": {
				"node": ">=0.4.2"
			}
		},
		"node_modules/ansi-regex": {
			"version": "0.2.1",
			"dev": true,
			"license": "MIT",
			"engines": {
				"node": ">=0.10.0"
			}
		},
		"node_modules/ansi-styles": {
			"version": "1.0.0",
			"dev": true,
			"license": "MIT",
			"engines": {
				"node": ">=0.8.0"
			}
		},
		"node_modules/argparse": {
			"version": "0.1.16",
			"dev": true,
			"license": "MIT",
			"dependencies": {
				"underscore": "~1.7.0",
				"underscore.string": "~2.4.0"
			}
		},
		"node_modules/argparse/node_modules/underscore.string": {
			"version": "2.4.0",
			"dev": true,
			"engines": {
				"node": "*"
			}
		},
		"node_modules/asn1": {
			"version": "0.1.11",
			"dev": true,
			"optional": true,
			"engines": {
				"node": ">=0.4.9"
			}
		},
		"node_modules/assert-plus": {
			"version": "0.1.5",
			"dev": true,
			"optional": true,
			"engines": {
				"node": ">=0.8"
			}
		},
		"node_modules/async": {
			"version": "0.1.22",
			"dev": true,
			"engines": {
				"node": "*"
			}
		},
		"node_modules/aws-sign2": {
			"version": "0.5.0",
			"dev": true,
			"optional": true,
			"engines": {
				"node": "*"
			}
		},
		"node_modules/boom": {
			"version": "0.4.2",
			"deprecated": "This version has been deprecated in accordance with the hapi support policy (hapi.im/support). Please upgrade to the latest version to get the best features, bug fixes, and security patches. If you are unable to upgrade at this time, paid support is available for older versions (hapi.im/commercial).",
			"dev": true,
			"optional": true,
			"dependencies": {
				"hoek": "0.9.x"
			},
			"engines": {
				"node": ">=0.8.0"
			}
		},
		"node_modules/browserify-zlib": {
			"version": "0.1.4",
			"dev": true,
			"license": "MIT",
			"dependencies": {
				"pako": "~0.2.0"
			}
		},
		"node_modules/buffer-from": {
			"version": "1.1.2",
			"dev": true,
			"license": "MIT"
		},
		"node_modules/camelcase": {
			"version": "1.2.1",
			"dev": true,
			"license": "MIT",
			"engines": {
				"node": ">=0.10.0"
			}
		},
		"node_modules/center-align": {
			"version": "0.1.3",
			"dev": true,
			"license": "MIT",
			"dependencies": {
				"align-text": "^0.1.3",
				"lazy-cache": "^1.0.3"
			},
			"engines": {
				"node": ">=0.10.0"
			}
		},
		"node_modules/chalk": {
			"version": "0.4.0",
			"dev": true,
			"license": "MIT",
			"dependencies": {
				"ansi-styles": "~1.0.0",
				"has-color": "~0.1.0",
				"strip-ansi": "~0.1.0"
			},
			"engines": {
				"node": ">=0.8.0"
			}
		},
		"node_modules/clean-css": {
			"version": "2.2.23",
			"dev": true,
			"license": "MIT",
			"optional": true,
			"dependencies": {
				"commander": "2.2.x"
			},
			"bin": {
				"cleancss": "bin/cleancss"
			},
			"engines": {
				"node": ">=0.8.0"
			}
		},
		"node_modules/cliui": {
			"version": "2.1.0",
			"dev": true,
			"license": "ISC",
			"dependencies": {
				"center-align": "^0.1.1",
				"right-align": "^0.1.1",
				"wordwrap": "0.0.2"
			}
		},
		"node_modules/coffee-script": {
			"version": "1.3.3",
			"deprecated": "CoffeeScript on NPM has moved to \"coffeescript\" (no hyphen)",
			"dev": true,
			"bin": {
				"cake": "bin/cake",
				"coffee": "bin/coffee"
			},
			"engines": {
				"node": ">=0.4.0"
			}
		},
		"node_modules/colors": {
			"version": "0.6.2",
			"dev": true,
			"engines": {
				"node": ">=0.1.90"
			}
		},
		"node_modules/combined-stream": {
			"version": "0.0.7",
			"dev": true,
			"optional": true,
			"dependencies": {
				"delayed-stream": "0.0.5"
			},
			"engines": {
				"node": ">= 0.8"
			}
		},
		"node_modules/commander": {
			"version": "2.2.0",
			"dev": true,
			"optional": true,
			"engines": {
				"node": ">= 0.6.x"
			}
		},
		"node_modules/concat-stream": {
			"version": "1.6.2",
			"dev": true,
			"engines": [
				"node >= 0.8"
			],
			"license": "MIT",
			"dependencies": {
				"buffer-from": "^1.0.0",
				"inherits": "^2.0.3",
				"readable-stream": "^2.2.2",
				"typedarray": "^0.0.6"
			}
		},
		"node_modules/core-util-is": {
			"version": "1.0.3",
			"dev": true,
			"license": "MIT"
		},
		"node_modules/cryptiles": {
			"version": "0.2.2",
			"deprecated": "This version has been deprecated in accordance with the hapi support policy (hapi.im/support). Please upgrade to the latest version to get the best features, bug fixes, and security patches. If you are unable to upgrade at this time, paid support is available for older versions (hapi.im/commercial).",
			"dev": true,
			"optional": true,
			"dependencies": {
				"boom": "0.4.x"
			},
			"engines": {
				"node": ">=0.8.0"
			}
		},
		"node_modules/ctype": {
			"version": "0.5.3",
			"dev": true,
			"optional": true,
			"engines": {
				"node": ">= 0.4"
			}
		},
		"node_modules/dateformat": {
			"version": "1.0.2-1.2.3",
			"dev": true,
			"engines": {
				"node": "*"
			}
		},
		"node_modules/debug": {
			"version": "0.7.4",
			"dev": true,
			"engines": {
				"node": "*"
			}
		},
		"node_modules/decamelize": {
			"version": "1.2.0",
			"dev": true,
			"license": "MIT",
			"engines": {
				"node": ">=0.10.0"
			}
		},
		"node_modules/deep-equal": {
			"version": "0.0.0",
			"dev": true,
			"license": "MIT/X11",
			"engines": {
				"node": "*"
			}
		},
		"node_modules/defined": {
			"version": "0.0.0",
			"dev": true,
			"license": "MIT"
		},
		"node_modules/delayed-stream": {
			"version": "0.0.5",
			"dev": true,
			"optional": true,
			"engines": {
				"node": ">=0.4.0"
			}
		},
		"node_modules/escape-string-regexp": {
			"version": "1.0.5",
			"dev": true,
			"license": "MIT",
			"engines": {
				"node": ">=0.8.0"
			}
		},
		"node_modules/esprima": {
			"version": "1.0.4",
			"dev": true,
			"bin": {
				"esparse": "bin/esparse.js",
				"esvalidate": "bin/esvalidate.js"
			},
			"engines": {
				"node": ">=0.4.0"
			}
		},
		"node_modules/eventemitter2": {
			"version": "0.4.14",
			"dev": true,
			"license": "MIT"
		},
		"node_modules/exit": {
			"version": "0.1.2",
			"dev": true,
			"engines": {
				"node": ">= 0.8.0"
			}
		},
		"node_modules/faye-websocket": {
			"version": "0.4.4",
			"dev": true,
			"engines": {
				"node": ">=0.4.0"
			}
		},
		"node_modules/figures": {
			"version": "1.7.0",
			"dev": true,
			"license": "MIT",
			"dependencies": {
				"escape-string-regexp": "^1.0.5",
				"object-assign": "^4.1.0"
			},
			"engines": {
				"node": ">=0.10.0"
			}
		},
		"node_modules/findup-sync": {
			"version": "0.1.3",
			"dev": true,
			"dependencies": {
				"glob": "~3.2.9",
				"lodash": "~2.4.1"
			},
			"engines": {
				"node": ">= 0.6.0"
			}
		},
		"node_modules/findup-sync/node_modules/glob": {
			"version": "3.2.11",
			"dev": true,
			"license": "BSD",
			"dependencies": {
				"inherits": "2",
				"minimatch": "0.3"
			},
			"engines": {
				"node": "*"
			}
		},
		"node_modules/findup-sync/node_modules/lodash": {
			"version": "2.4.2",
			"dev": true,
			"engines": [
				"node",
				"rhino"
			],
			"license": "MIT"
		},
		"node_modules/findup-sync/node_modules/minimatch": {
			"version": "0.3.0",
			"deprecated": "Please update to minimatch 3.0.2 or higher to avoid a RegExp DoS issue",
			"dev": true,
			"license": "MIT",
			"dependencies": {
				"lru-cache": "2",
				"sigmund": "~1.0.0"
			},
			"engines": {
				"node": "*"
			}
		},
		"node_modules/forever-agent": {
			"version": "0.5.2",
			"dev": true,
			"optional": true,
			"engines": {
				"node": "*"
			}
		},
		"node_modules/form-data": {
			"version": "0.1.4",
			"dev": true,
			"optional": true,
			"dependencies": {
				"async": "~0.9.0",
				"combined-stream": "~0.0.4",
				"mime": "~1.2.11"
			},
			"engines": {
				"node": ">= 0.8"
			}
		},
		"node_modules/form-data/node_modules/async": {
			"version": "0.9.2",
			"dev": true,
			"license": "MIT",
			"optional": true
		},
		"node_modules/gaze": {
			"version": "0.5.2",
			"dev": true,
			"dependencies": {
				"globule": "~0.1.0"
			},
			"engines": {
				"node": ">= 0.8.0"
			}
		},
		"node_modules/getobject": {
			"version": "0.1.0",
			"dev": true,
			"engines": {
				"node": ">= 0.8.0"
			}
		},
		"node_modules/glob": {
			"version": "3.1.21",
			"dev": true,
			"license": "BSD",
			"dependencies": {
				"graceful-fs": "~1.2.0",
				"inherits": "1",
				"minimatch": "~0.2.11"
			},
			"engines": {
				"node": "*"
			}
		},
		"node_modules/glob/node_modules/inherits": {
			"version": "1.0.2",
			"dev": true
		},
		"node_modules/globule": {
			"version": "0.1.0",
			"dev": true,
			"dependencies": {
				"glob": "~3.1.21",
				"lodash": "~1.0.1",
				"minimatch": "~0.2.11"
			},
			"engines": {
				"node": ">= 0.8.0"
			}
		},
		"node_modules/globule/node_modules/lodash": {
			"version": "1.0.2",
			"dev": true,
			"engines": [
				"node",
				"rhino"
			],
			"license": "MIT"
		},
		"node_modules/graceful-fs": {
			"version": "1.2.3",
			"deprecated": "please upgrade to graceful-fs 4 for compatibility with current and future versions of Node.js",
			"dev": true,
			"license": "BSD",
			"engines": {
				"node": ">=0.4.0"
			}
		},
		"node_modules/grunt": {
			"version": "0.4.5",
			"dev": true,
			"dependencies": {
				"async": "~0.1.22",
				"coffee-script": "~1.3.3",
				"colors": "~0.6.2",
				"dateformat": "1.0.2-1.2.3",
				"eventemitter2": "~0.4.13",
				"exit": "~0.1.1",
				"findup-sync": "~0.1.2",
				"getobject": "~0.1.0",
				"glob": "~3.1.21",
				"grunt-legacy-log": "~0.1.0",
				"grunt-legacy-util": "~0.2.0",
				"hooker": "~0.2.3",
				"iconv-lite": "~0.2.11",
				"js-yaml": "~2.0.5",
				"lodash": "~0.9.2",
				"minimatch": "~0.2.12",
				"nopt": "~1.0.10",
				"rimraf": "~2.2.8",
				"underscore.string": "~2.2.1",
				"which": "~1.0.5"
			},
			"engines": {
				"node": ">= 0.8.0"
			}
		},
		"node_modules/grunt-contrib-concat": {
			"version": "0.4.0",
			"dev": true,
			"dependencies": {
				"chalk": "~0.4.0"
			},
			"engines": {
				"node": ">= 0.8.0"
			},
			"peerDependencies": {
				"grunt": "~0.4.0"
			}
		},
		"node_modules/grunt-contrib-less": {
			"version": "0.11.4",
			"dev": true,
			"dependencies": {
				"async": "^0.2.10",
				"chalk": "^0.5.1",
				"less": "^1.7.2",
				"lodash": "^2.4.1",
				"maxmin": "^0.1.0"
			},
			"engines": {
				"node": ">=0.10.0"
			},
			"peerDependencies": {
				"grunt": "~0.4.0"
			}
		},
		"node_modules/grunt-contrib-less/node_modules/ansi-styles": {
			"version": "1.1.0",
			"dev": true,
			"license": "MIT",
			"engines": {
				"node": ">=0.10.0"
			}
		},
		"node_modules/grunt-contrib-less/node_modules/async": {
			"version": "0.2.10",
			"dev": true
		},
		"node_modules/grunt-contrib-less/node_modules/chalk": {
			"version": "0.5.1",
			"dev": true,
			"license": "MIT",
			"dependencies": {
				"ansi-styles": "^1.1.0",
				"escape-string-regexp": "^1.0.0",
				"has-ansi": "^0.1.0",
				"strip-ansi": "^0.3.0",
				"supports-color": "^0.2.0"
			},
			"engines": {
				"node": ">=0.10.0"
			}
		},
		"node_modules/grunt-contrib-less/node_modules/lodash": {
			"version": "2.4.2",
			"dev": true,
			"engines": [
				"node",
				"rhino"
			],
			"license": "MIT"
		},
		"node_modules/grunt-contrib-less/node_modules/strip-ansi": {
			"version": "0.3.0",
			"dev": true,
			"license": "MIT",
			"dependencies": {
				"ansi-regex": "^0.2.1"
			},
			"bin": {
				"strip-ansi": "cli.js"
			},
			"engines": {
				"node": ">=0.10.0"
			}
		},
		"node_modules/grunt-contrib-uglify": {
			"version": "0.5.1",
			"dev": true,
			"dependencies": {
				"chalk": "^0.5.1",
				"lodash": "^2.4.1",
				"maxmin": "^0.2.0",
				"uglify-js": "^2.4.0"
			},
			"engines": {
				"node": ">=0.10.0"
			},
			"peerDependencies": {
				"grunt": "~0.4.0"
			}
		},
		"node_modules/grunt-contrib-uglify/node_modules/ansi-styles": {
			"version": "1.1.0",
			"dev": true,
			"license": "MIT",
			"engines": {
				"node": ">=0.10.0"
			}
		},
		"node_modules/grunt-contrib-uglify/node_modules/chalk": {
			"version": "0.5.1",
			"dev": true,
			"license": "MIT",
			"dependencies": {
				"ansi-styles": "^1.1.0",
				"escape-string-regexp": "^1.0.0",
				"has-ansi": "^0.1.0",
				"strip-ansi": "^0.3.0",
				"supports-color": "^0.2.0"
			},
			"engines": {
				"node": ">=0.10.0"
			}
		},
		"node_modules/grunt-contrib-uglify/node_modules/gzip-size": {
			"version": "0.2.0",
			"dev": true,
			"license": "MIT",
			"dependencies": {
				"browserify-zlib": "^0.1.4",
				"concat-stream": "^1.4.1"
			},
			"bin": {
				"gzip-size": "cli.js"
			},
			"engines": {
				"node": ">=0.10.0"
			}
		},
		"node_modules/grunt-contrib-uglify/node_modules/lodash": {
			"version": "2.4.2",
			"dev": true,
			"engines": [
				"node",
				"rhino"
			],
			"license": "MIT"
		},
		"node_modules/grunt-contrib-uglify/node_modules/maxmin": {
			"version": "0.2.2",
			"dev": true,
			"license": "MIT",
			"dependencies": {
				"chalk": "^0.5.0",
				"figures": "^1.0.1",
				"gzip-size": "^0.2.0",
				"pretty-bytes": "^0.1.0"
			},
			"engines": {
				"node": ">=0.10.0"
			}
		},
		"node_modules/grunt-contrib-uglify/node_modules/strip-ansi": {
			"version": "0.3.0",
			"dev": true,
			"license": "MIT",
			"dependencies": {
				"ansi-regex": "^0.2.1"
			},
			"bin": {
				"strip-ansi": "cli.js"
			},
			"engines": {
				"node": ">=0.10.0"
			}
		},
		"node_modules/grunt-contrib-watch": {
			"version": "0.6.1",
			"dev": true,
			"dependencies": {
				"async": "~0.2.9",
				"gaze": "~0.5.1",
				"lodash": "~2.4.1",
				"tiny-lr-fork": "0.0.5"
			},
			"engines": {
				"node": ">= 0.8.0"
			},
			"peerDependencies": {
				"grunt": "~0.4.0"
			}
		},
		"node_modules/grunt-contrib-watch/node_modules/async": {
			"version": "0.2.10",
			"dev": true
		},
		"node_modules/grunt-contrib-watch/node_modules/lodash": {
			"version": "2.4.2",
			"dev": true,
			"engines": [
				"node",
				"rhino"
			],
			"license": "MIT"
		},
		"node_modules/grunt-legacy-log": {
			"version": "0.1.3",
			"dev": true,
			"license": "MIT",
			"dependencies": {
				"colors": "~0.6.2",
				"grunt-legacy-log-utils": "~0.1.1",
				"hooker": "~0.2.3",
				"lodash": "~2.4.1",
				"underscore.string": "~2.3.3"
			},
			"engines": {
				"node": ">= 0.8.0"
			}
		},
		"node_modules/grunt-legacy-log-utils": {
			"version": "0.1.1",
			"dev": true,
			"dependencies": {
				"colors": "~0.6.2",
				"lodash": "~2.4.1",
				"underscore.string": "~2.3.3"
			},
			"engines": {
				"node": ">= 0.8.0"
			}
		},
		"node_modules/grunt-legacy-log-utils/node_modules/lodash": {
			"version": "2.4.2",
			"dev": true,
			"engines": [
				"node",
				"rhino"
			],
			"license": "MIT"
		},
		"node_modules/grunt-legacy-log-utils/node_modules/underscore.string": {
			"version": "2.3.3",
			"dev": true,
			"engines": {
				"node": "*"
			}
		},
		"node_modules/grunt-legacy-log/node_modules/lodash": {
			"version": "2.4.2",
			"dev": true,
			"engines": [
				"node",
				"rhino"
			],
			"license": "MIT"
		},
		"node_modules/grunt-legacy-log/node_modules/underscore.string": {
			"version": "2.3.3",
			"dev": true,
			"engines": {
				"node": "*"
			}
		},
		"node_modules/grunt-legacy-util": {
			"version": "0.2.0",
			"dev": true,
			"dependencies": {
				"async": "~0.1.22",
				"exit": "~0.1.1",
				"getobject": "~0.1.0",
				"hooker": "~0.2.3",
				"lodash": "~0.9.2",
				"underscore.string": "~2.2.1",
				"which": "~1.0.5"
			},
			"engines": {
				"node": ">= 0.8.0"
			}
		},
		"node_modules/gzip-size": {
			"version": "0.1.1",
			"dev": true,
			"license": "MIT",
			"dependencies": {
				"concat-stream": "^1.4.1",
				"zlib-browserify": "^0.0.3"
			},
			"bin": {
				"gzip-size": "cli.js"
			},
			"engines": {
				"node": ">=0.10.0"
			}
		},
		"node_modules/has-ansi": {
			"version": "0.1.0",
			"dev": true,
			"license": "MIT",
			"dependencies": {
				"ansi-regex": "^0.2.0"
			},
			"bin": {
				"has-ansi": "cli.js"
			},
			"engines": {
				"node": ">=0.10.0"
			}
		},
		"node_modules/has-color": {
			"version": "0.1.7",
			"dev": true,
			"license": "MIT",
			"engines": {
				"node": ">=0.10.0"
			}
		},
		"node_modules/hawk": {
			"version": "1.1.1",
			"deprecated": "This module moved to @hapi/hawk. Please make sure to switch over as this distribution is no longer supported and may contain bugs and critical security issues.",
			"dev": true,
			"optional": true,
			"dependencies": {
				"boom": "0.4.x",
				"cryptiles": "0.2.x",
				"hoek": "0.9.x",
				"sntp": "0.2.x"
			},
			"engines": {
				"node": ">=0.8.0"
			}
		},
		"node_modules/hoek": {
			"version": "0.9.1",
			"deprecated": "This version has been deprecated in accordance with the hapi support policy (hapi.im/support). Please upgrade to the latest version to get the best features, bug fixes, and security patches. If you are unable to upgrade at this time, paid support is available for older versions (hapi.im/commercial).",
			"dev": true,
			"optional": true,
			"engines": {
				"node": ">=0.8.0"
			}
		},
		"node_modules/hooker": {
			"version": "0.2.3",
			"dev": true,
			"engines": {
				"node": "*"
			}
		},
		"node_modules/http-signature": {
			"version": "0.10.1",
			"dev": true,
			"license": "MIT",
			"optional": true,
			"dependencies": {
				"asn1": "0.1.11",
				"assert-plus": "^0.1.5",
				"ctype": "0.5.3"
			},
			"engines": {
				"node": ">=0.8"
			}
		},
		"node_modules/iconv-lite": {
			"version": "0.2.11",
			"dev": true,
			"license": "MIT",
			"engines": {
				"node": ">=0.4.0"
			}
		},
		"node_modules/inherits": {
			"version": "2.0.4",
			"dev": true,
			"license": "ISC"
		},
		"node_modules/is-buffer": {
			"version": "1.1.6",
			"dev": true,
			"license": "MIT"
		},
		"node_modules/isarray": {
			"version": "1.0.0",
			"dev": true,
			"license": "MIT"
		},
		"node_modules/js-yaml": {
			"version": "2.0.5",
			"dev": true,
			"license": "MIT",
			"dependencies": {
				"argparse": "~ 0.1.11",
				"esprima": "~ 1.0.2"
			},
			"bin": {
				"js-yaml": "bin/js-yaml.js"
			},
			"engines": {
				"node": ">= 0.6.0"
			}
		},
		"node_modules/json-stringify-safe": {
			"version": "5.0.1",
			"dev": true,
			"license": "ISC",
			"optional": true
		},
		"node_modules/jsonify": {
			"version": "0.0.1",
			"dev": true,
			"license": "Public Domain",
			"funding": {
				"url": "https://github.com/sponsors/ljharb"
			}
		},
		"node_modules/kind-of": {
			"version": "3.2.2",
			"dev": true,
			"license": "MIT",
			"dependencies": {
				"is-buffer": "^1.1.5"
			},
			"engines": {
				"node": ">=0.10.0"
			}
		},
		"node_modules/lazy-cache": {
			"version": "1.0.4",
			"dev": true,
			"license": "MIT",
			"engines": {
				"node": ">=0.10.0"
			}
		},
		"node_modules/less": {
			"version": "1.7.5",
			"dev": true,
			"bin": {
				"lessc": "bin/lessc"
			},
			"engines": {
				"node": ">=0.8.0"
			},
			"optionalDependencies": {
				"clean-css": "2.2.x",
				"graceful-fs": "~3.0.2",
				"mime": "~1.2.11",
				"mkdirp": "~0.5.0",
				"request": "~2.40.0",
				"source-map": "0.1.x"
			}
		},
		"node_modules/less/node_modules/graceful-fs": {
			"version": "3.0.12",
			"dev": true,
			"license": "ISC",
			"optional": true,
			"dependencies": {
				"natives": "^1.1.3"
			},
			"engines": {
				"node": ">=0.4.0"
			}
		},
		"node_modules/lodash": {
			"version": "0.9.2",
			"dev": true,
			"engines": [
				"node",
				"rhino"
			],
			"license": "MIT"
		},
		"node_modules/longest": {
			"version": "1.0.1",
			"dev": true,
			"license": "MIT",
			"engines": {
				"node": ">=0.10.0"
			}
		},
		"node_modules/lru-cache": {
			"version": "2.7.3",
			"dev": true,
			"license": "ISC"
		},
		"node_modules/maxmin": {
			"version": "0.1.0",
			"dev": true,
			"license": "MIT",
			"dependencies": {
				"chalk": "^0.4.0",
				"gzip-size": "^0.1.0",
				"pretty-bytes": "^0.1.0"
			},
			"engines": {
				"node": ">=0.10.0"
			}
		},
		"node_modules/mime": {
			"version": "1.2.11",
			"dev": true,
			"optional": true
		},
		"node_modules/mime-types": {
			"version": "1.0.2",
			"dev": true,
			"license": "MIT",
			"optional": true,
			"engines": {
				"node": ">= 0.8.0"
			}
		},
		"node_modules/minimatch": {
			"version": "0.2.14",
			"deprecated": "Please update to minimatch 3.0.2 or higher to avoid a RegExp DoS issue",
			"dev": true,
			"license": "MIT",
			"dependencies": {
				"lru-cache": "2",
				"sigmund": "~1.0.0"
			},
			"engines": {
				"node": "*"
			}
		},
		"node_modules/minimist": {
			"version": "1.2.7",
			"dev": true,
			"license": "MIT",
			"optional": true,
			"funding": {
				"url": "https://github.com/sponsors/ljharb"
			}
		},
		"node_modules/mkdirp": {
			"version": "0.5.6",
			"dev": true,
			"license": "MIT",
			"optional": true,
			"dependencies": {
				"minimist": "^1.2.6"
			},
			"bin": {
				"mkdirp": "bin/cmd.js"
			}
		},
		"node_modules/natives": {
			"version": "1.1.6",
			"deprecated": "This module relies on Node.js's internals and will break at some point. Do not use it, and update to graceful-fs@4.x.",
			"dev": true,
			"license": "ISC",
			"optional": true
		},
		"node_modules/node-uuid": {
			"version": "1.4.8",
			"deprecated": "Use uuid module instead",
			"dev": true,
			"optional": true,
			"bin": {
				"uuid": "bin/uuid"
			}
		},
		"node_modules/nopt": {
			"version": "1.0.10",
			"dev": true,
			"license": "MIT",
			"dependencies": {
				"abbrev": "1"
			},
			"bin": {
				"nopt": "bin/nopt.js"
			},
			"engines": {
				"node": "*"
			}
		},
		"node_modules/noptify": {
			"version": "0.0.3",
			"dev": true,
			"dependencies": {
				"nopt": "~2.0.0"
			}
		},
		"node_modules/noptify/node_modules/nopt": {
			"version": "2.0.0",
			"dev": true,
			"license": "MIT",
			"dependencies": {
				"abbrev": "1"
			},
			"bin": {
				"nopt": "bin/nopt.js"
			}
		},
		"node_modules/oauth-sign": {
			"version": "0.3.0",
			"dev": true,
			"optional": true,
			"engines": {
				"node": "*"
			}
		},
		"node_modules/object-assign": {
			"version": "4.1.1",
			"dev": true,
			"license": "MIT",
			"engines": {
				"node": ">=0.10.0"
			}
		},
		"node_modules/pako": {
			"version": "0.2.9",
			"dev": true,
			"license": "MIT"
		},
		"node_modules/pretty-bytes": {
			"version": "0.1.2",
			"dev": true,
			"license": "MIT",
			"bin": {
				"pretty-bytes": "cli.js"
			},
			"engines": {
				"node": ">=0.10.0"
			}
		},
		"node_modules/process-nextick-args": {
			"version": "2.0.1",
			"dev": true,
			"license": "MIT"
		},
		"node_modules/psl": {
			"version": "1.9.0",
			"dev": true,
			"license": "MIT",
			"optional": true
		},
		"node_modules/punycode": {
			"version": "2.1.1",
			"dev": true,
			"license": "MIT",
			"optional": true,
			"engines": {
				"node": ">=6"
			}
		},
		"node_modules/qs": {
			"version": "1.0.2",
			"dev": true,
			"optional": true
		},
		"node_modules/querystringify": {
			"version": "2.2.0",
			"dev": true,
			"license": "MIT",
			"optional": true
		},
		"node_modules/readable-stream": {
			"version": "2.3.7",
			"dev": true,
			"license": "MIT",
			"dependencies": {
				"core-util-is": "~1.0.0",
				"inherits": "~2.0.3",
				"isarray": "~1.0.0",
				"process-nextick-args": "~2.0.0",
				"safe-buffer": "~5.1.1",
				"string_decoder": "~1.1.1",
				"util-deprecate": "~1.0.1"
			}
		},
		"node_modules/repeat-string": {
			"version": "1.6.1",
			"dev": true,
			"license": "MIT",
			"engines": {
				"node": ">=0.10"
			}
		},
		"node_modules/request": {
			"version": "2.40.0",
			"deprecated": "request has been deprecated, see https://github.com/request/request/issues/3142",
			"dev": true,
			"engines": [
				"node >= 0.8.0"
			],
			"license": "Apache-2.0",
			"optional": true,
			"dependencies": {
				"forever-agent": "~0.5.0",
				"json-stringify-safe": "~5.0.0",
				"mime-types": "~1.0.1",
				"node-uuid": "~1.4.0",
				"qs": "~1.0.0"
			},
			"optionalDependencies": {
				"aws-sign2": "~0.5.0",
				"form-data": "~0.1.0",
				"hawk": "1.1.1",
				"http-signature": "~0.10.0",
				"oauth-sign": "~0.3.0",
				"stringstream": "~0.0.4",
				"tough-cookie": ">=0.12.0",
				"tunnel-agent": "~0.4.0"
			}
		},
		"node_modules/requires-port": {
			"version": "1.0.0",
			"dev": true,
			"license": "MIT",
			"optional": true
		},
		"node_modules/right-align": {
			"version": "0.1.3",
			"dev": true,
			"license": "MIT",
			"dependencies": {
				"align-text": "^0.1.1"
			},
			"engines": {
				"node": ">=0.10.0"
			}
		},
		"node_modules/rimraf": {
			"version": "2.2.8",
			"dev": true,
			"license": "MIT",
			"bin": {
				"rimraf": "bin.js"
			}
		},
		"node_modules/safe-buffer": {
			"version": "5.1.2",
			"dev": true,
			"license": "MIT"
		},
		"node_modules/sigmund": {
			"version": "1.0.1",
			"dev": true,
			"license": "ISC"
		},
		"node_modules/sntp": {
			"version": "0.2.4",
			"deprecated": "This module moved to @hapi/sntp. Please make sure to switch over as this distribution is no longer supported and may contain bugs and critical security issues.",
			"dev": true,
			"optional": true,
			"dependencies": {
				"hoek": "0.9.x"
			},
			"engines": {
				"node": ">=0.8.0"
			}
		},
		"node_modules/source-map": {
			"version": "0.1.43",
			"dev": true,
			"optional": true,
			"dependencies": {
				"amdefine": ">=0.0.4"
			},
			"engines": {
				"node": ">=0.8.0"
			}
		},
		"node_modules/string_decoder": {
			"version": "1.1.1",
			"dev": true,
			"license": "MIT",
			"dependencies": {
				"safe-buffer": "~5.1.0"
			}
		},
		"node_modules/stringstream": {
			"version": "0.0.6",
			"dev": true,
			"license": "MIT",
			"optional": true
		},
		"node_modules/strip-ansi": {
			"version": "0.1.1",
			"dev": true,
			"license": "MIT",
			"bin": {
				"strip-ansi": "cli.js"
			},
			"engines": {
				"node": ">=0.8.0"
			}
		},
		"node_modules/supports-color": {
			"version": "0.2.0",
			"dev": true,
			"license": "MIT",
			"bin": {
				"supports-color": "cli.js"
			},
			"engines": {
				"node": ">=0.10.0"
			}
		},
		"node_modules/tape": {
			"version": "0.2.2",
			"dev": true,
			"license": "MIT",
			"dependencies": {
				"deep-equal": "~0.0.0",
				"defined": "~0.0.0",
				"jsonify": "~0.0.0"
			}
		},
		"node_modules/tiny-lr-fork": {
			"version": "0.0.5",
			"dev": true,
			"dependencies": {
				"debug": "~0.7.0",
				"faye-websocket": "~0.4.3",
				"noptify": "~0.0.3",
				"qs": "~0.5.2"
			},
			"bin": {
				"tiny-lr-fork": "bin/tiny-lr"
			}
		},
		"node_modules/tiny-lr-fork/node_modules/qs": {
			"version": "0.5.6",
			"dev": true,
			"engines": {
				"node": "*"
			}
		},
		"node_modules/tough-cookie": {
			"version": "4.1.2",
			"dev": true,
			"license": "BSD-3-Clause",
			"optional": true,
			"dependencies": {
				"psl": "^1.1.33",
				"punycode": "^2.1.1",
				"universalify": "^0.2.0",
				"url-parse": "^1.5.3"
			},
			"engines": {
				"node": ">=6"
			}
		},
		"node_modules/tunnel-agent": {
			"version": "0.4.3",
			"dev": true,
			"license": "Apache-2.0",
			"optional": true,
			"engines": {
				"node": "*"
			}
		},
		"node_modules/typedarray": {
			"version": "0.0.6",
			"dev": true,
			"license": "MIT"
		},
		"node_modules/uglify-js": {
			"version": "2.8.29",
			"dev": true,
			"license": "BSD-2-Clause",
			"dependencies": {
				"source-map": "~0.5.1",
				"yargs": "~3.10.0"
			},
			"bin": {
				"uglifyjs": "bin/uglifyjs"
			},
			"engines": {
				"node": ">=0.8.0"
			},
			"optionalDependencies": {
				"uglify-to-browserify": "~1.0.0"
			}
		},
		"node_modules/uglify-js/node_modules/source-map": {
			"version": "0.5.7",
			"dev": true,
			"license": "BSD-3-Clause",
			"engines": {
				"node": ">=0.10.0"
			}
		},
		"node_modules/uglify-to-browserify": {
			"version": "1.0.2",
			"dev": true,
			"license": "MIT",
			"optional": true
		},
		"node_modules/underscore": {
			"version": "1.7.0",
			"dev": true
		},
		"node_modules/underscore.string": {
			"version": "2.2.1",
			"dev": true,
			"engines": {
				"node": "*"
			}
		},
		"node_modules/universalify": {
			"version": "0.2.0",
			"dev": true,
			"license": "MIT",
			"optional": true,
			"engines": {
				"node": ">= 4.0.0"
			}
		},
		"node_modules/url-parse": {
			"version": "1.5.10",
			"dev": true,
			"license": "MIT",
			"optional": true,
			"dependencies": {
				"querystringify": "^2.1.1",
				"requires-port": "^1.0.0"
			}
		},
		"node_modules/util-deprecate": {
			"version": "1.0.2",
			"dev": true,
			"license": "MIT"
		},
		"node_modules/which": {
			"version": "1.0.9",
			"dev": true,
			"license": "ISC",
			"bin": {
				"which": "bin/which"
			}
		},
		"node_modules/window-size": {
			"version": "0.1.0",
			"dev": true,
			"engines": {
				"node": ">= 0.8.0"
			}
		},
		"node_modules/wordwrap": {
			"version": "0.0.2",
			"dev": true,
			"license": "MIT/X11",
			"engines": {
				"node": ">=0.4.0"
			}
		},
		"node_modules/yargs": {
			"version": "3.10.0",
			"dev": true,
			"license": "MIT",
			"dependencies": {
				"camelcase": "^1.0.2",
				"cliui": "^2.1.0",
				"decamelize": "^1.0.0",
				"window-size": "0.1.0"
			}
		},
		"node_modules/zlib-browserify": {
			"version": "0.0.3",
			"dev": true,
			"license": "MIT",
			"dependencies": {
				"tape": "~0.2.2"
			}
		}
	},
	"dependencies": {
		"abbrev": {
			"version": "1.1.1",
			"dev": true
		},
		"align-text": {
			"version": "0.1.4",
			"dev": true,
			"requires": {
				"kind-of": "^3.0.2",
				"longest": "^1.0.1",
				"repeat-string": "^1.5.2"
			}
		},
		"amdefine": {
			"version": "1.0.1",
			"dev": true,
			"optional": true
		},
		"ansi-regex": {
			"version": "0.2.1",
			"dev": true
		},
		"ansi-styles": {
			"version": "1.0.0",
			"dev": true
		},
		"argparse": {
			"version": "0.1.16",
			"dev": true,
			"requires": {
				"underscore": "~1.7.0",
				"underscore.string": "~2.4.0"
			},
			"dependencies": {
				"underscore.string": {
					"version": "2.4.0",
					"dev": true
				}
			}
		},
		"asn1": {
			"version": "0.1.11",
			"dev": true,
			"optional": true
		},
		"assert-plus": {
			"version": "0.1.5",
			"dev": true,
			"optional": true
		},
		"async": {
			"version": "0.1.22",
			"dev": true
		},
		"aws-sign2": {
			"version": "0.5.0",
			"dev": true,
			"optional": true
		},
		"boom": {
			"version": "0.4.2",
			"dev": true,
			"optional": true,
			"requires": {
				"hoek": "0.9.x"
			}
		},
		"browserify-zlib": {
			"version": "0.1.4",
			"dev": true,
			"requires": {
				"pako": "~0.2.0"
			}
		},
		"buffer-from": {
			"version": "1.1.2",
			"dev": true
		},
		"camelcase": {
			"version": "1.2.1",
			"dev": true
		},
		"center-align": {
			"version": "0.1.3",
			"dev": true,
			"requires": {
				"align-text": "^0.1.3",
				"lazy-cache": "^1.0.3"
			}
		},
		"chalk": {
			"version": "0.4.0",
			"dev": true,
			"requires": {
				"ansi-styles": "~1.0.0",
				"has-color": "~0.1.0",
				"strip-ansi": "~0.1.0"
			}
		},
		"clean-css": {
			"version": "2.2.23",
			"dev": true,
			"optional": true,
			"requires": {
				"commander": "2.2.x"
			}
		},
		"cliui": {
			"version": "2.1.0",
			"dev": true,
			"requires": {
				"center-align": "^0.1.1",
				"right-align": "^0.1.1",
				"wordwrap": "0.0.2"
			}
		},
		"coffee-script": {
			"version": "1.3.3",
			"dev": true
		},
		"colors": {
			"version": "0.6.2",
			"dev": true
		},
		"combined-stream": {
			"version": "0.0.7",
			"dev": true,
			"optional": true,
			"requires": {
				"delayed-stream": "0.0.5"
			}
		},
		"commander": {
			"version": "2.2.0",
			"dev": true,
			"optional": true
		},
		"concat-stream": {
			"version": "1.6.2",
			"dev": true,
			"requires": {
				"buffer-from": "^1.0.0",
				"inherits": "^2.0.3",
				"readable-stream": "^2.2.2",
				"typedarray": "^0.0.6"
			}
		},
		"core-util-is": {
			"version": "1.0.3",
			"dev": true
		},
		"cryptiles": {
			"version": "0.2.2",
			"dev": true,
			"optional": true,
			"requires": {
				"boom": "0.4.x"
			}
		},
		"ctype": {
			"version": "0.5.3",
			"dev": true,
			"optional": true
		},
		"dateformat": {
			"version": "1.0.2-1.2.3",
			"dev": true
		},
		"debug": {
			"version": "0.7.4",
			"dev": true
		},
		"decamelize": {
			"version": "1.2.0",
			"dev": true
		},
		"deep-equal": {
			"version": "0.0.0",
			"dev": true
		},
		"defined": {
			"version": "0.0.0",
			"dev": true
		},
		"delayed-stream": {
			"version": "0.0.5",
			"dev": true,
			"optional": true
		},
		"escape-string-regexp": {
			"version": "1.0.5",
			"dev": true
		},
		"esprima": {
			"version": "1.0.4",
			"dev": true
		},
		"eventemitter2": {
			"version": "0.4.14",
			"dev": true
		},
		"exit": {
			"version": "0.1.2",
			"dev": true
		},
		"faye-websocket": {
			"version": "0.4.4",
			"dev": true
		},
		"figures": {
			"version": "1.7.0",
			"dev": true,
			"requires": {
				"escape-string-regexp": "^1.0.5",
				"object-assign": "^4.1.0"
			}
		},
		"findup-sync": {
			"version": "0.1.3",
			"dev": true,
			"requires": {
				"glob": "~3.2.9",
				"lodash": "~2.4.1"
			},
			"dependencies": {
				"glob": {
					"version": "3.2.11",
					"dev": true,
					"requires": {
						"inherits": "2",
						"minimatch": "0.3"
					}
				},
				"lodash": {
					"version": "2.4.2",
					"dev": true
				},
				"minimatch": {
					"version": "0.3.0",
					"dev": true,
					"requires": {
						"lru-cache": "2",
						"sigmund": "~1.0.0"
					}
				}
			}
		},
		"forever-agent": {
			"version": "0.5.2",
			"dev": true,
			"optional": true
		},
		"form-data": {
			"version": "0.1.4",
			"dev": true,
			"optional": true,
			"requires": {
				"async": "~0.9.0",
				"combined-stream": "~0.0.4",
				"mime": "~1.2.11"
			},
			"dependencies": {
				"async": {
					"version": "0.9.2",
					"dev": true,
					"optional": true
				}
			}
		},
		"gaze": {
			"version": "0.5.2",
			"dev": true,
			"requires": {
				"globule": "~0.1.0"
			}
		},
		"getobject": {
			"version": "0.1.0",
			"dev": true
		},
		"glob": {
			"version": "3.1.21",
			"dev": true,
			"requires": {
				"graceful-fs": "~1.2.0",
				"inherits": "1",
				"minimatch": "~0.2.11"
			},
			"dependencies": {
				"inherits": {
					"version": "1.0.2",
					"dev": true
				}
			}
		},
		"globule": {
			"version": "0.1.0",
			"dev": true,
			"requires": {
				"glob": "~3.1.21",
				"lodash": "~1.0.1",
				"minimatch": "~0.2.11"
			},
			"dependencies": {
				"lodash": {
					"version": "1.0.2",
					"dev": true
				}
			}
		},
		"graceful-fs": {
			"version": "1.2.3",
			"dev": true
		},
		"grunt": {
			"version": "0.4.5",
			"dev": true,
			"requires": {
				"async": "~0.1.22",
				"coffee-script": "~1.3.3",
				"colors": "~0.6.2",
				"dateformat": "1.0.2-1.2.3",
				"eventemitter2": "~0.4.13",
				"exit": "~0.1.1",
				"findup-sync": "~0.1.2",
				"getobject": "~0.1.0",
				"glob": "~3.1.21",
				"grunt-legacy-log": "~0.1.0",
				"grunt-legacy-util": "~0.2.0",
				"hooker": "~0.2.3",
				"iconv-lite": "~0.2.11",
				"js-yaml": "~2.0.5",
				"lodash": "~0.9.2",
				"minimatch": "~0.2.12",
				"nopt": "~1.0.10",
				"rimraf": "~2.2.8",
				"underscore.string": "~2.2.1",
				"which": "~1.0.5"
			}
		},
		"grunt-contrib-concat": {
			"version": "0.4.0",
			"dev": true,
			"requires": {
				"chalk": "~0.4.0"
			}
		},
		"grunt-contrib-less": {
			"version": "0.11.4",
			"dev": true,
			"requires": {
				"async": "^0.2.10",
				"chalk": "^0.5.1",
				"less": "^1.7.2",
				"lodash": "^2.4.1",
				"maxmin": "^0.1.0"
			},
			"dependencies": {
				"ansi-styles": {
					"version": "1.1.0",
					"dev": true
				},
				"async": {
					"version": "0.2.10",
					"dev": true
				},
				"chalk": {
					"version": "0.5.1",
					"dev": true,
					"requires": {
						"ansi-styles": "^1.1.0",
						"escape-string-regexp": "^1.0.0",
						"has-ansi": "^0.1.0",
						"strip-ansi": "^0.3.0",
						"supports-color": "^0.2.0"
					}
				},
				"lodash": {
					"version": "2.4.2",
					"dev": true
				},
				"strip-ansi": {
					"version": "0.3.0",
					"dev": true,
					"requires": {
						"ansi-regex": "^0.2.1"
					}
				}
			}
		},
		"grunt-contrib-uglify": {
			"version": "0.5.1",
			"dev": true,
			"requires": {
				"chalk": "^0.5.1",
				"lodash": "^2.4.1",
				"maxmin": "^0.2.0",
				"uglify-js": "^2.4.0"
			},
			"dependencies": {
				"ansi-styles": {
					"version": "1.1.0",
					"dev": true
				},
				"chalk": {
					"version": "0.5.1",
					"dev": true,
					"requires": {
						"ansi-styles": "^1.1.0",
						"escape-string-regexp": "^1.0.0",
						"has-ansi": "^0.1.0",
						"strip-ansi": "^0.3.0",
						"supports-color": "^0.2.0"
					}
				},
				"gzip-size": {
					"version": "0.2.0",
					"dev": true,
					"requires": {
						"browserify-zlib": "^0.1.4",
						"concat-stream": "^1.4.1"
					}
				},
				"lodash": {
					"version": "2.4.2",
					"dev": true
				},
				"maxmin": {
					"version": "0.2.2",
					"dev": true,
					"requires": {
						"chalk": "^0.5.0",
						"figures": "^1.0.1",
						"gzip-size": "^0.2.0",
						"pretty-bytes": "^0.1.0"
					}
				},
				"strip-ansi": {
					"version": "0.3.0",
					"dev": true,
					"requires": {
						"ansi-regex": "^0.2.1"
					}
				}
			}
		},
		"grunt-contrib-watch": {
			"version": "0.6.1",
			"dev": true,
			"requires": {
				"async": "~0.2.9",
				"gaze": "~0.5.1",
				"lodash": "~2.4.1",
				"tiny-lr-fork": "0.0.5"
			},
			"dependencies": {
				"async": {
					"version": "0.2.10",
					"dev": true
				},
				"lodash": {
					"version": "2.4.2",
					"dev": true
				}
			}
		},
		"grunt-legacy-log": {
			"version": "0.1.3",
			"dev": true,
			"requires": {
				"colors": "~0.6.2",
				"grunt-legacy-log-utils": "~0.1.1",
				"hooker": "~0.2.3",
				"lodash": "~2.4.1",
				"underscore.string": "~2.3.3"
			},
			"dependencies": {
				"lodash": {
					"version": "2.4.2",
					"dev": true
				},
				"underscore.string": {
					"version": "2.3.3",
					"dev": true
				}
			}
		},
		"grunt-legacy-log-utils": {
			"version": "0.1.1",
			"dev": true,
			"requires": {
				"colors": "~0.6.2",
				"lodash": "~2.4.1",
				"underscore.string": "~2.3.3"
			},
			"dependencies": {
				"lodash": {
					"version": "2.4.2",
					"dev": true
				},
				"underscore.string": {
					"version": "2.3.3",
					"dev": true
				}
			}
		},
		"grunt-legacy-util": {
			"version": "0.2.0",
			"dev": true,
			"requires": {
				"async": "~0.1.22",
				"exit": "~0.1.1",
				"getobject": "~0.1.0",
				"hooker": "~0.2.3",
				"lodash": "~0.9.2",
				"underscore.string": "~2.2.1",
				"which": "~1.0.5"
			}
		},
		"gzip-size": {
			"version": "0.1.1",
			"dev": true,
			"requires": {
				"concat-stream": "^1.4.1",
				"zlib-browserify": "^0.0.3"
			}
		},
		"has-ansi": {
			"version": "0.1.0",
			"dev": true,
			"requires": {
				"ansi-regex": "^0.2.0"
			}
		},
		"has-color": {
			"version": "0.1.7",
			"dev": true
		},
		"hawk": {
			"version": "1.1.1",
			"dev": true,
			"optional": true,
			"requires": {
				"boom": "0.4.x",
				"cryptiles": "0.2.x",
				"hoek": "0.9.x",
				"sntp": "0.2.x"
			}
		},
		"hoek": {
			"version": "0.9.1",
			"dev": true,
			"optional": true
		},
		"hooker": {
			"version": "0.2.3",
			"dev": true
		},
		"http-signature": {
			"version": "0.10.1",
			"dev": true,
			"optional": true,
			"requires": {
				"asn1": "0.1.11",
				"assert-plus": "^0.1.5",
				"ctype": "0.5.3"
			}
		},
		"iconv-lite": {
			"version": "0.2.11",
			"dev": true
		},
		"inherits": {
			"version": "2.0.4",
			"dev": true
		},
		"is-buffer": {
			"version": "1.1.6",
			"dev": true
		},
		"isarray": {
			"version": "1.0.0",
			"dev": true
		},
		"js-yaml": {
			"version": "2.0.5",
			"dev": true,
			"requires": {
				"argparse": "~ 0.1.11",
				"esprima": "~ 1.0.2"
			}
		},
		"json-stringify-safe": {
			"version": "5.0.1",
			"dev": true,
			"optional": true
		},
		"jsonify": {
			"version": "0.0.1",
			"dev": true
		},
		"kind-of": {
			"version": "3.2.2",
			"dev": true,
			"requires": {
				"is-buffer": "^1.1.5"
			}
		},
		"lazy-cache": {
			"version": "1.0.4",
			"dev": true
		},
		"less": {
			"version": "1.7.5",
			"dev": true,
			"requires": {
				"clean-css": "2.2.x",
				"graceful-fs": "~3.0.2",
				"mime": "~1.2.11",
				"mkdirp": "~0.5.0",
				"request": "~2.40.0",
				"source-map": "0.1.x"
			},
			"dependencies": {
				"graceful-fs": {
					"version": "3.0.12",
					"dev": true,
					"optional": true,
					"requires": {
						"natives": "^1.1.3"
					}
				}
			}
		},
		"lodash": {
			"version": "0.9.2",
			"dev": true
		},
		"longest": {
			"version": "1.0.1",
			"dev": true
		},
		"lru-cache": {
			"version": "2.7.3",
			"dev": true
		},
		"maxmin": {
			"version": "0.1.0",
			"dev": true,
			"requires": {
				"chalk": "^0.4.0",
				"gzip-size": "^0.1.0",
				"pretty-bytes": "^0.1.0"
			}
		},
		"mime": {
			"version": "1.2.11",
			"dev": true,
			"optional": true
		},
		"mime-types": {
			"version": "1.0.2",
			"dev": true,
			"optional": true
		},
		"minimatch": {
			"version": "0.2.14",
			"dev": true,
			"requires": {
				"lru-cache": "2",
				"sigmund": "~1.0.0"
			}
		},
		"minimist": {
			"version": "1.2.7",
			"dev": true,
			"optional": true
		},
		"mkdirp": {
			"version": "0.5.6",
			"dev": true,
			"optional": true,
			"requires": {
				"minimist": "^1.2.6"
			}
		},
		"natives": {
			"version": "1.1.6",
			"dev": true,
			"optional": true
		},
		"node-uuid": {
			"version": "1.4.8",
			"dev": true,
			"optional": true
		},
		"nopt": {
			"version": "1.0.10",
			"dev": true,
			"requires": {
				"abbrev": "1"
			}
		},
		"noptify": {
			"version": "0.0.3",
			"dev": true,
			"requires": {
				"nopt": "~2.0.0"
			},
			"dependencies": {
				"nopt": {
					"version": "2.0.0",
					"dev": true,
					"requires": {
						"abbrev": "1"
					}
				}
			}
		},
		"oauth-sign": {
			"version": "0.3.0",
			"dev": true,
			"optional": true
		},
		"object-assign": {
			"version": "4.1.1",
			"dev": true
		},
		"pako": {
			"version": "0.2.9",
			"dev": true
		},
		"pretty-bytes": {
			"version": "0.1.2",
			"dev": true
		},
		"process-nextick-args": {
			"version": "2.0.1",
			"dev": true
		},
		"psl": {
			"version": "1.9.0",
			"dev": true,
			"optional": true
		},
		"punycode": {
			"version": "2.1.1",
			"dev": true,
			"optional": true
		},
		"qs": {
			"version": "1.0.2",
			"dev": true,
			"optional": true
		},
		"querystringify": {
			"version": "2.2.0",
			"dev": true,
			"optional": true
		},
		"readable-stream": {
			"version": "2.3.7",
			"dev": true,
			"requires": {
				"core-util-is": "~1.0.0",
				"inherits": "~2.0.3",
				"isarray": "~1.0.0",
				"process-nextick-args": "~2.0.0",
				"safe-buffer": "~5.1.1",
				"string_decoder": "~1.1.1",
				"util-deprecate": "~1.0.1"
			}
		},
		"repeat-string": {
			"version": "1.6.1",
			"dev": true
		},
		"request": {
			"version": "2.40.0",
			"dev": true,
			"optional": true,
			"requires": {
				"aws-sign2": "~0.5.0",
				"forever-agent": "~0.5.0",
				"form-data": "~0.1.0",
				"hawk": "1.1.1",
				"http-signature": "~0.10.0",
				"json-stringify-safe": "~5.0.0",
				"mime-types": "~1.0.1",
				"node-uuid": "~1.4.0",
				"oauth-sign": "~0.3.0",
				"qs": "~1.0.0",
				"stringstream": "~0.0.4",
				"tough-cookie": ">=0.12.0",
				"tunnel-agent": "~0.4.0"
			}
		},
		"requires-port": {
			"version": "1.0.0",
			"dev": true,
			"optional": true
		},
		"right-align": {
			"version": "0.1.3",
			"dev": true,
			"requires": {
				"align-text": "^0.1.1"
			}
		},
		"rimraf": {
			"version": "2.2.8",
			"dev": true
		},
		"safe-buffer": {
			"version": "5.1.2",
			"dev": true
		},
		"sigmund": {
			"version": "1.0.1",
			"dev": true
		},
		"sntp": {
			"version": "0.2.4",
			"dev": true,
			"optional": true,
			"requires": {
				"hoek": "0.9.x"
			}
		},
		"source-map": {
			"version": "0.1.43",
			"dev": true,
			"optional": true,
			"requires": {
				"amdefine": ">=0.0.4"
			}
		},
		"string_decoder": {
			"version": "1.1.1",
			"dev": true,
			"requires": {
				"safe-buffer": "~5.1.0"
			}
		},
		"stringstream": {
			"version": "0.0.6",
			"dev": true,
			"optional": true
		},
		"strip-ansi": {
			"version": "0.1.1",
			"dev": true
		},
		"supports-color": {
			"version": "0.2.0",
			"dev": true
		},
		"tape": {
			"version": "0.2.2",
			"dev": true,
			"requires": {
				"deep-equal": "~0.0.0",
				"defined": "~0.0.0",
				"jsonify": "~0.0.0"
			}
		},
		"tiny-lr-fork": {
			"version": "0.0.5",
			"dev": true,
			"requires": {
				"debug": "~0.7.0",
				"faye-websocket": "~0.4.3",
				"noptify": "~0.0.3",
				"qs": "~0.5.2"
			},
			"dependencies": {
				"qs": {
					"version": "0.5.6",
					"dev": true
				}
			}
		},
		"tough-cookie": {
			"version": "4.1.2",
			"dev": true,
			"optional": true,
			"requires": {
				"psl": "^1.1.33",
				"punycode": "^2.1.1",
				"universalify": "^0.2.0",
				"url-parse": "^1.5.3"
			}
		},
		"tunnel-agent": {
			"version": "0.4.3",
			"dev": true,
			"optional": true
		},
		"typedarray": {
			"version": "0.0.6",
			"dev": true
		},
		"uglify-js": {
			"version": "2.8.29",
			"dev": true,
			"requires": {
				"source-map": "~0.5.1",
				"uglify-to-browserify": "~1.0.0",
				"yargs": "~3.10.0"
			},
			"dependencies": {
				"source-map": {
					"version": "0.5.7",
					"dev": true
				}
			}
		},
		"uglify-to-browserify": {
			"version": "1.0.2",
			"dev": true,
			"optional": true
		},
		"underscore": {
			"version": "1.7.0",
			"dev": true
		},
		"underscore.string": {
			"version": "2.2.1",
			"dev": true
		},
		"universalify": {
			"version": "0.2.0",
			"dev": true,
			"optional": true
		},
		"url-parse": {
			"version": "1.5.10",
			"dev": true,
			"optional": true,
			"requires": {
				"querystringify": "^2.1.1",
				"requires-port": "^1.0.0"
			}
		},
		"util-deprecate": {
			"version": "1.0.2",
			"dev": true
		},
		"which": {
			"version": "1.0.9",
			"dev": true
		},
		"window-size": {
			"version": "0.1.0",
			"dev": true
		},
		"wordwrap": {
			"version": "0.0.2",
			"dev": true
		},
		"yargs": {
			"version": "3.10.0",
			"dev": true,
			"requires": {
				"camelcase": "^1.0.2",
				"cliui": "^2.1.0",
				"decamelize": "^1.0.0",
				"window-size": "0.1.0"
			}
		},
		"zlib-browserify": {
			"version": "0.0.3",
			"dev": true,
			"requires": {
				"tape": "~0.2.2"
			}
		}
	}
}
